// !$*UTF8*$!
{
	archiveVersion = 1;
	classes = {
	};
	objectVersion = 48;
	objects = {

/* Begin PBXBuildFile section */
		69775BFC2047500900629520 /* AppDelegate.swift in Sources */ = {isa = PBXBuildFile; fileRef = 69775BFB2047500900629520 /* AppDelegate.swift */; };
		69775BFE2047500900629520 /* ViewController.swift in Sources */ = {isa = PBXBuildFile; fileRef = 69775BFD2047500900629520 /* ViewController.swift */; };
		69775C012047500900629520 /* Main.storyboard in Resources */ = {isa = PBXBuildFile; fileRef = 69775BFF2047500900629520 /* Main.storyboard */; };
		69775C032047500900629520 /* Assets.xcassets in Resources */ = {isa = PBXBuildFile; fileRef = 69775C022047500900629520 /* Assets.xcassets */; };
		69775C062047500900629520 /* LaunchScreen.storyboard in Resources */ = {isa = PBXBuildFile; fileRef = 69775C042047500900629520 /* LaunchScreen.storyboard */; };
		69775C112047500900629520 /* DreamlineTests.swift in Sources */ = {isa = PBXBuildFile; fileRef = 69775C102047500900629520 /* DreamlineTests.swift */; };
		69775C1C2047500900629520 /* DreamlineUITests.swift in Sources */ = {isa = PBXBuildFile; fileRef = 69775C1B2047500900629520 /* DreamlineUITests.swift */; };
		69775C2B204750AB00629520 /* GLKit.framework in Frameworks */ = {isa = PBXBuildFile; fileRef = 69775C2A204750AB00629520 /* GLKit.framework */; };
/* End PBXBuildFile section */

/* Begin PBXContainerItemProxy section */
		69775C0D2047500900629520 /* PBXContainerItemProxy */ = {
			isa = PBXContainerItemProxy;
			containerPortal = 69775BF02047500900629520 /* Project object */;
			proxyType = 1;
			remoteGlobalIDString = 69775BF72047500900629520;
			remoteInfo = Dreamline;
		};
		69775C182047500900629520 /* PBXContainerItemProxy */ = {
			isa = PBXContainerItemProxy;
			containerPortal = 69775BF02047500900629520 /* Project object */;
			proxyType = 1;
			remoteGlobalIDString = 69775BF72047500900629520;
			remoteInfo = Dreamline;
		};
/* End PBXContainerItemProxy section */

/* Begin PBXFileReference section */
		69775BF82047500900629520 /* Dreamline.app */ = {isa = PBXFileReference; explicitFileType = wrapper.application; includeInIndex = 0; path = Dreamline.app; sourceTree = BUILT_PRODUCTS_DIR; };
		69775BFB2047500900629520 /* AppDelegate.swift */ = {isa = PBXFileReference; lastKnownFileType = sourcecode.swift; path = AppDelegate.swift; sourceTree = "<group>"; };
		69775BFD2047500900629520 /* ViewController.swift */ = {isa = PBXFileReference; lastKnownFileType = sourcecode.swift; path = ViewController.swift; sourceTree = "<group>"; };
		69775C002047500900629520 /* Base */ = {isa = PBXFileReference; lastKnownFileType = file.storyboard; name = Base; path = Base.lproj/Main.storyboard; sourceTree = "<group>"; };
		69775C022047500900629520 /* Assets.xcassets */ = {isa = PBXFileReference; lastKnownFileType = folder.assetcatalog; path = Assets.xcassets; sourceTree = "<group>"; };
		69775C052047500900629520 /* Base */ = {isa = PBXFileReference; lastKnownFileType = file.storyboard; name = Base; path = Base.lproj/LaunchScreen.storyboard; sourceTree = "<group>"; };
		69775C072047500900629520 /* Info.plist */ = {isa = PBXFileReference; lastKnownFileType = text.plist.xml; path = Info.plist; sourceTree = "<group>"; };
		69775C0C2047500900629520 /* DreamlineTests.xctest */ = {isa = PBXFileReference; explicitFileType = wrapper.cfbundle; includeInIndex = 0; path = DreamlineTests.xctest; sourceTree = BUILT_PRODUCTS_DIR; };
		69775C102047500900629520 /* DreamlineTests.swift */ = {isa = PBXFileReference; lastKnownFileType = sourcecode.swift; path = DreamlineTests.swift; sourceTree = "<group>"; };
		69775C122047500900629520 /* Info.plist */ = {isa = PBXFileReference; lastKnownFileType = text.plist.xml; path = Info.plist; sourceTree = "<group>"; };
		69775C172047500900629520 /* DreamlineUITests.xctest */ = {isa = PBXFileReference; explicitFileType = wrapper.cfbundle; includeInIndex = 0; path = DreamlineUITests.xctest; sourceTree = BUILT_PRODUCTS_DIR; };
		69775C1B2047500900629520 /* DreamlineUITests.swift */ = {isa = PBXFileReference; lastKnownFileType = sourcecode.swift; path = DreamlineUITests.swift; sourceTree = "<group>"; };
		69775C1D2047500900629520 /* Info.plist */ = {isa = PBXFileReference; lastKnownFileType = text.plist.xml; path = Info.plist; sourceTree = "<group>"; };
		69775C2A204750AB00629520 /* GLKit.framework */ = {isa = PBXFileReference; lastKnownFileType = wrapper.framework; name = GLKit.framework; path = System/Library/Frameworks/GLKit.framework; sourceTree = SDKROOT; };
/* End PBXFileReference section */

/* Begin PBXFrameworksBuildPhase section */
		69775BF52047500900629520 /* Frameworks */ = {
			isa = PBXFrameworksBuildPhase;
			buildActionMask = 2147483647;
			files = (
				69775C2B204750AB00629520 /* GLKit.framework in Frameworks */,
			);
			runOnlyForDeploymentPostprocessing = 0;
		};
		69775C092047500900629520 /* Frameworks */ = {
			isa = PBXFrameworksBuildPhase;
			buildActionMask = 2147483647;
			files = (
			);
			runOnlyForDeploymentPostprocessing = 0;
		};
		69775C142047500900629520 /* Frameworks */ = {
			isa = PBXFrameworksBuildPhase;
			buildActionMask = 2147483647;
			files = (
			);
			runOnlyForDeploymentPostprocessing = 0;
		};
/* End PBXFrameworksBuildPhase section */

/* Begin PBXGroup section */
		69775BEF2047500900629520 = {
			isa = PBXGroup;
			children = (
				69775BFA2047500900629520 /* Dreamline */,
				69775C0F2047500900629520 /* DreamlineTests */,
				69775C1A2047500900629520 /* DreamlineUITests */,
				69775BF92047500900629520 /* Products */,
				69775C29204750AB00629520 /* Frameworks */,
			);
			sourceTree = "<group>";
		};
		69775BF92047500900629520 /* Products */ = {
			isa = PBXGroup;
			children = (
				69775BF82047500900629520 /* Dreamline.app */,
				69775C0C2047500900629520 /* DreamlineTests.xctest */,
				69775C172047500900629520 /* DreamlineUITests.xctest */,
			);
			name = Products;
			sourceTree = "<group>";
		};
		69775BFA2047500900629520 /* Dreamline */ = {
			isa = PBXGroup;
			children = (
				69775BFB2047500900629520 /* AppDelegate.swift */,
				69775BFD2047500900629520 /* ViewController.swift */,
				69775BFF2047500900629520 /* Main.storyboard */,
				69775C022047500900629520 /* Assets.xcassets */,
				69775C042047500900629520 /* LaunchScreen.storyboard */,
				69775C072047500900629520 /* Info.plist */,
			);
			path = Dreamline;
			sourceTree = "<group>";
		};
		69775C0F2047500900629520 /* DreamlineTests */ = {
			isa = PBXGroup;
			children = (
				69775C102047500900629520 /* DreamlineTests.swift */,
				69775C122047500900629520 /* Info.plist */,
			);
			path = DreamlineTests;
			sourceTree = "<group>";
		};
		69775C1A2047500900629520 /* DreamlineUITests */ = {
			isa = PBXGroup;
			children = (
				69775C1B2047500900629520 /* DreamlineUITests.swift */,
				69775C1D2047500900629520 /* Info.plist */,
			);
			path = DreamlineUITests;
			sourceTree = "<group>";
		};
		69775C29204750AB00629520 /* Frameworks */ = {
			isa = PBXGroup;
			children = (
				69775C2A204750AB00629520 /* GLKit.framework */,
			);
			name = Frameworks;
			sourceTree = "<group>";
		};
/* End PBXGroup section */

/* Begin PBXNativeTarget section */
		69775BF72047500900629520 /* Dreamline */ = {
			isa = PBXNativeTarget;
			buildConfigurationList = 69775C202047500900629520 /* Build configuration list for PBXNativeTarget "Dreamline" */;
			buildPhases = (
				69775BF42047500900629520 /* Sources */,
				69775BF52047500900629520 /* Frameworks */,
				69775BF62047500900629520 /* Resources */,
			);
			buildRules = (
			);
			dependencies = (
			);
			name = Dreamline;
			productName = Dreamline;
			productReference = 69775BF82047500900629520 /* Dreamline.app */;
			productType = "com.apple.product-type.application";
		};
		69775C0B2047500900629520 /* DreamlineTests */ = {
			isa = PBXNativeTarget;
			buildConfigurationList = 69775C232047500900629520 /* Build configuration list for PBXNativeTarget "DreamlineTests" */;
			buildPhases = (
				69775C082047500900629520 /* Sources */,
				69775C092047500900629520 /* Frameworks */,
				69775C0A2047500900629520 /* Resources */,
			);
			buildRules = (
			);
			dependencies = (
				69775C0E2047500900629520 /* PBXTargetDependency */,
			);
			name = DreamlineTests;
			productName = DreamlineTests;
			productReference = 69775C0C2047500900629520 /* DreamlineTests.xctest */;
			productType = "com.apple.product-type.bundle.unit-test";
		};
		69775C162047500900629520 /* DreamlineUITests */ = {
			isa = PBXNativeTarget;
			buildConfigurationList = 69775C262047500900629520 /* Build configuration list for PBXNativeTarget "DreamlineUITests" */;
			buildPhases = (
				69775C132047500900629520 /* Sources */,
				69775C142047500900629520 /* Frameworks */,
				69775C152047500900629520 /* Resources */,
			);
			buildRules = (
			);
			dependencies = (
				69775C192047500900629520 /* PBXTargetDependency */,
			);
			name = DreamlineUITests;
			productName = DreamlineUITests;
			productReference = 69775C172047500900629520 /* DreamlineUITests.xctest */;
			productType = "com.apple.product-type.bundle.ui-testing";
		};
/* End PBXNativeTarget section */

/* Begin PBXProject section */
		69775BF02047500900629520 /* Project object */ = {
			isa = PBXProject;
			attributes = {
				LastSwiftUpdateCheck = 0920;
				LastUpgradeCheck = 0920;
				ORGANIZATIONNAME = BeeDream;
				TargetAttributes = {
					69775BF72047500900629520 = {
						CreatedOnToolsVersion = 9.2;
						LastSwiftMigration = 0920;
						ProvisioningStyle = Automatic;
					};
					69775C0B2047500900629520 = {
						CreatedOnToolsVersion = 9.2;
						ProvisioningStyle = Automatic;
						TestTargetID = 69775BF72047500900629520;
					};
					69775C162047500900629520 = {
						CreatedOnToolsVersion = 9.2;
						ProvisioningStyle = Automatic;
						TestTargetID = 69775BF72047500900629520;
					};
				};
			};
			buildConfigurationList = 69775BF32047500900629520 /* Build configuration list for PBXProject "Dreamline" */;
			compatibilityVersion = "Xcode 8.0";
			developmentRegion = en;
			hasScannedForEncodings = 0;
			knownRegions = (
				en,
				Base,
			);
			mainGroup = 69775BEF2047500900629520;
			productRefGroup = 69775BF92047500900629520 /* Products */;
			projectDirPath = "";
			projectRoot = "";
			targets = (
				69775BF72047500900629520 /* Dreamline */,
				69775C0B2047500900629520 /* DreamlineTests */,
				69775C162047500900629520 /* DreamlineUITests */,
			);
		};
/* End PBXProject section */

/* Begin PBXResourcesBuildPhase section */
		69775BF62047500900629520 /* Resources */ = {
			isa = PBXResourcesBuildPhase;
			buildActionMask = 2147483647;
			files = (
				69775C062047500900629520 /* LaunchScreen.storyboard in Resources */,
				69775C032047500900629520 /* Assets.xcassets in Resources */,
				69775C012047500900629520 /* Main.storyboard in Resources */,
			);
			runOnlyForDeploymentPostprocessing = 0;
		};
		69775C0A2047500900629520 /* Resources */ = {
			isa = PBXResourcesBuildPhase;
			buildActionMask = 2147483647;
			files = (
			);
			runOnlyForDeploymentPostprocessing = 0;
		};
		69775C152047500900629520 /* Resources */ = {
			isa = PBXResourcesBuildPhase;
			buildActionMask = 2147483647;
			files = (
			);
			runOnlyForDeploymentPostprocessing = 0;
		};
/* End PBXResourcesBuildPhase section */

/* Begin PBXSourcesBuildPhase section */
		69775BF42047500900629520 /* Sources */ = {
			isa = PBXSourcesBuildPhase;
			buildActionMask = 2147483647;
			files = (
				69775BFE2047500900629520 /* ViewController.swift in Sources */,
				69775BFC2047500900629520 /* AppDelegate.swift in Sources */,
			);
			runOnlyForDeploymentPostprocessing = 0;
		};
		69775C082047500900629520 /* Sources */ = {
			isa = PBXSourcesBuildPhase;
			buildActionMask = 2147483647;
			files = (
				69775C112047500900629520 /* DreamlineTests.swift in Sources */,
			);
			runOnlyForDeploymentPostprocessing = 0;
		};
		69775C132047500900629520 /* Sources */ = {
			isa = PBXSourcesBuildPhase;
			buildActionMask = 2147483647;
			files = (
				69775C1C2047500900629520 /* DreamlineUITests.swift in Sources */,
			);
			runOnlyForDeploymentPostprocessing = 0;
		};
/* End PBXSourcesBuildPhase section */

/* Begin PBXTargetDependency section */
		69775C0E2047500900629520 /* PBXTargetDependency */ = {
			isa = PBXTargetDependency;
			target = 69775BF72047500900629520 /* Dreamline */;
			targetProxy = 69775C0D2047500900629520 /* PBXContainerItemProxy */;
		};
		69775C192047500900629520 /* PBXTargetDependency */ = {
			isa = PBXTargetDependency;
			target = 69775BF72047500900629520 /* Dreamline */;
			targetProxy = 69775C182047500900629520 /* PBXContainerItemProxy */;
		};
/* End PBXTargetDependency section */

/* Begin PBXVariantGroup section */
		69775BFF2047500900629520 /* Main.storyboard */ = {
			isa = PBXVariantGroup;
			children = (
				69775C002047500900629520 /* Base */,
			);
			name = Main.storyboard;
			sourceTree = "<group>";
		};
		69775C042047500900629520 /* LaunchScreen.storyboard */ = {
			isa = PBXVariantGroup;
			children = (
				69775C052047500900629520 /* Base */,
			);
			name = LaunchScreen.storyboard;
			sourceTree = "<group>";
		};
/* End PBXVariantGroup section */

/* Begin XCBuildConfiguration section */
		69775C1E2047500900629520 /* Debug */ = {
			isa = XCBuildConfiguration;
			buildSettings = {
				ALWAYS_SEARCH_USER_PATHS = NO;
				CLANG_ANALYZER_NONNULL = YES;
				CLANG_ANALYZER_NUMBER_OBJECT_CONVERSION = YES_AGGRESSIVE;
				CLANG_CXX_LANGUAGE_STANDARD = "gnu++14";
				CLANG_CXX_LIBRARY = "libc++";
				CLANG_ENABLE_MODULES = YES;
				CLANG_ENABLE_OBJC_ARC = YES;
				CLANG_WARN_BLOCK_CAPTURE_AUTORELEASING = YES;
				CLANG_WARN_BOOL_CONVERSION = YES;
				CLANG_WARN_COMMA = YES;
				CLANG_WARN_CONSTANT_CONVERSION = YES;
				CLANG_WARN_DIRECT_OBJC_ISA_USAGE = YES_ERROR;
				CLANG_WARN_DOCUMENTATION_COMMENTS = YES;
				CLANG_WARN_EMPTY_BODY = YES;
				CLANG_WARN_ENUM_CONVERSION = YES;
				CLANG_WARN_INFINITE_RECURSION = YES;
				CLANG_WARN_INT_CONVERSION = YES;
				CLANG_WARN_NON_LITERAL_NULL_CONVERSION = YES;
				CLANG_WARN_OBJC_LITERAL_CONVERSION = YES;
				CLANG_WARN_OBJC_ROOT_CLASS = YES_ERROR;
				CLANG_WARN_RANGE_LOOP_ANALYSIS = YES;
				CLANG_WARN_STRICT_PROTOTYPES = YES;
				CLANG_WARN_SUSPICIOUS_MOVE = YES;
				CLANG_WARN_UNGUARDED_AVAILABILITY = YES_AGGRESSIVE;
				CLANG_WARN_UNREACHABLE_CODE = YES;
				CLANG_WARN__DUPLICATE_METHOD_MATCH = YES;
				CODE_SIGN_IDENTITY = "iPhone Developer";
				COPY_PHASE_STRIP = NO;
				DEBUG_INFORMATION_FORMAT = dwarf;
				ENABLE_STRICT_OBJC_MSGSEND = YES;
				ENABLE_TESTABILITY = YES;
				GCC_C_LANGUAGE_STANDARD = gnu11;
				GCC_DYNAMIC_NO_PIC = NO;
				GCC_NO_COMMON_BLOCKS = YES;
				GCC_OPTIMIZATION_LEVEL = 0;
				GCC_PREPROCESSOR_DEFINITIONS = (
					"DEBUG=1",
					"$(inherited)",
				);
				GCC_WARN_64_TO_32_BIT_CONVERSION = YES;
				GCC_WARN_ABOUT_RETURN_TYPE = YES_ERROR;
				GCC_WARN_UNDECLARED_SELECTOR = YES;
				GCC_WARN_UNINITIALIZED_AUTOS = YES_AGGRESSIVE;
				GCC_WARN_UNUSED_FUNCTION = YES;
				GCC_WARN_UNUSED_VARIABLE = YES;
				IPHONEOS_DEPLOYMENT_TARGET = 11.2;
				MTL_ENABLE_DEBUG_INFO = YES;
				ONLY_ACTIVE_ARCH = YES;
				SDKROOT = iphoneos;
				SWIFT_ACTIVE_COMPILATION_CONDITIONS = DEBUG;
				SWIFT_OPTIMIZATION_LEVEL = "-Onone";
			};
			name = Debug;
		};
		69775C1F2047500900629520 /* Release */ = {
			isa = XCBuildConfiguration;
			buildSettings = {
				ALWAYS_SEARCH_USER_PATHS = NO;
				CLANG_ANALYZER_NONNULL = YES;
				CLANG_ANALYZER_NUMBER_OBJECT_CONVERSION = YES_AGGRESSIVE;
				CLANG_CXX_LANGUAGE_STANDARD = "gnu++14";
				CLANG_CXX_LIBRARY = "libc++";
				CLANG_ENABLE_MODULES = YES;
				CLANG_ENABLE_OBJC_ARC = YES;
				CLANG_WARN_BLOCK_CAPTURE_AUTORELEASING = YES;
				CLANG_WARN_BOOL_CONVERSION = YES;
				CLANG_WARN_COMMA = YES;
				CLANG_WARN_CONSTANT_CONVERSION = YES;
				CLANG_WARN_DIRECT_OBJC_ISA_USAGE = YES_ERROR;
				CLANG_WARN_DOCUMENTATION_COMMENTS = YES;
				CLANG_WARN_EMPTY_BODY = YES;
				CLANG_WARN_ENUM_CONVERSION = YES;
				CLANG_WARN_INFINITE_RECURSION = YES;
				CLANG_WARN_INT_CONVERSION = YES;
				CLANG_WARN_NON_LITERAL_NULL_CONVERSION = YES;
				CLANG_WARN_OBJC_LITERAL_CONVERSION = YES;
				CLANG_WARN_OBJC_ROOT_CLASS = YES_ERROR;
				CLANG_WARN_RANGE_LOOP_ANALYSIS = YES;
				CLANG_WARN_STRICT_PROTOTYPES = YES;
				CLANG_WARN_SUSPICIOUS_MOVE = YES;
				CLANG_WARN_UNGUARDED_AVAILABILITY = YES_AGGRESSIVE;
				CLANG_WARN_UNREACHABLE_CODE = YES;
				CLANG_WARN__DUPLICATE_METHOD_MATCH = YES;
				CODE_SIGN_IDENTITY = "iPhone Developer";
				COPY_PHASE_STRIP = NO;
				DEBUG_INFORMATION_FORMAT = "dwarf-with-dsym";
				ENABLE_NS_ASSERTIONS = NO;
				ENABLE_STRICT_OBJC_MSGSEND = YES;
				GCC_C_LANGUAGE_STANDARD = gnu11;
				GCC_NO_COMMON_BLOCKS = YES;
				GCC_WARN_64_TO_32_BIT_CONVERSION = YES;
				GCC_WARN_ABOUT_RETURN_TYPE = YES_ERROR;
				GCC_WARN_UNDECLARED_SELECTOR = YES;
				GCC_WARN_UNINITIALIZED_AUTOS = YES_AGGRESSIVE;
				GCC_WARN_UNUSED_FUNCTION = YES;
				GCC_WARN_UNUSED_VARIABLE = YES;
				IPHONEOS_DEPLOYMENT_TARGET = 11.2;
				MTL_ENABLE_DEBUG_INFO = NO;
				SDKROOT = iphoneos;
				SWIFT_OPTIMIZATION_LEVEL = "-Owholemodule";
				VALIDATE_PRODUCT = YES;
			};
			name = Release;
		};
		69775C212047500900629520 /* Debug */ = {
			isa = XCBuildConfiguration;
			buildSettings = {
				ASSETCATALOG_COMPILER_APPICON_NAME = AppIcon;
				CLANG_ENABLE_MODULES = YES;
				CODE_SIGN_STYLE = Automatic;
				DEVELOPMENT_TEAM = Z7TZH6S9GB;
				INFOPLIST_FILE = Dreamline/Info.plist;
				LD_RUNPATH_SEARCH_PATHS = "$(inherited) @executable_path/Frameworks";
				PRODUCT_BUNDLE_IDENTIFIER = com.teambeedream.Dreamline;
				PRODUCT_NAME = "$(TARGET_NAME)";
				SWIFT_OPTIMIZATION_LEVEL = "-Onone";
				SWIFT_VERSION = 4.0;
				TARGETED_DEVICE_FAMILY = "1,2";
			};
			name = Debug;
		};
		69775C222047500900629520 /* Release */ = {
			isa = XCBuildConfiguration;
			buildSettings = {
				ASSETCATALOG_COMPILER_APPICON_NAME = AppIcon;
				CLANG_ENABLE_MODULES = YES;
				CODE_SIGN_STYLE = Automatic;
				DEVELOPMENT_TEAM = Z7TZH6S9GB;
				INFOPLIST_FILE = Dreamline/Info.plist;
				LD_RUNPATH_SEARCH_PATHS = "$(inherited) @executable_path/Frameworks";
				PRODUCT_BUNDLE_IDENTIFIER = com.teambeedream.Dreamline;
				PRODUCT_NAME = "$(TARGET_NAME)";
				SWIFT_VERSION = 4.0;
				TARGETED_DEVICE_FAMILY = "1,2";
			};
			name = Release;
		};
		69775C242047500900629520 /* Debug */ = {
			isa = XCBuildConfiguration;
			buildSettings = {
				ALWAYS_EMBED_SWIFT_STANDARD_LIBRARIES = YES;
				BUNDLE_LOADER = "$(TEST_HOST)";
				CODE_SIGN_STYLE = Automatic;
				DEVELOPMENT_TEAM = Z7TZH6S9GB;
				INFOPLIST_FILE = DreamlineTests/Info.plist;
				LD_RUNPATH_SEARCH_PATHS = "$(inherited) @executable_path/Frameworks @loader_path/Frameworks";
				PRODUCT_BUNDLE_IDENTIFIER = com.teambeedream.DreamlineTests;
				PRODUCT_NAME = "$(TARGET_NAME)";
				SWIFT_VERSION = 4.0;
				TARGETED_DEVICE_FAMILY = "1,2";
				TEST_HOST = "$(BUILT_PRODUCTS_DIR)/Dreamline.app/Dreamline";
			};
			name = Debug;
		};
		69775C252047500900629520 /* Release */ = {
			isa = XCBuildConfiguration;
			buildSettings = {
				ALWAYS_EMBED_SWIFT_STANDARD_LIBRARIES = YES;
				BUNDLE_LOADER = "$(TEST_HOST)";
				CODE_SIGN_STYLE = Automatic;
				DEVELOPMENT_TEAM = Z7TZH6S9GB;
				INFOPLIST_FILE = DreamlineTests/Info.plist;
				LD_RUNPATH_SEARCH_PATHS = "$(inherited) @executable_path/Frameworks @loader_path/Frameworks";
				PRODUCT_BUNDLE_IDENTIFIER = com.teambeedream.DreamlineTests;
				PRODUCT_NAME = "$(TARGET_NAME)";
				SWIFT_VERSION = 4.0;
				TARGETED_DEVICE_FAMILY = "1,2";
				TEST_HOST = "$(BUILT_PRODUCTS_DIR)/Dreamline.app/Dreamline";
			};
			name = Release;
		};
		69775C272047500900629520 /* Debug */ = {
			isa = XCBuildConfiguration;
			buildSettings = {
				ALWAYS_EMBED_SWIFT_STANDARD_LIBRARIES = YES;
				CODE_SIGN_STYLE = Automatic;
				DEVELOPMENT_TEAM = Z7TZH6S9GB;
				INFOPLIST_FILE = DreamlineUITests/Info.plist;
				LD_RUNPATH_SEARCH_PATHS = "$(inherited) @executable_path/Frameworks @loader_path/Frameworks";
				PRODUCT_BUNDLE_IDENTIFIER = com.teambeedream.DreamlineUITests;
				PRODUCT_NAME = "$(TARGET_NAME)";
				SWIFT_VERSION = 4.0;
				TARGETED_DEVICE_FAMILY = "1,2";
				TEST_TARGET_NAME = Dreamline;
			};
			name = Debug;
		};
		69775C282047500900629520 /* Release */ = {
			isa = XCBuildConfiguration;
			buildSettings = {
				ALWAYS_EMBED_SWIFT_STANDARD_LIBRARIES = YES;
				CODE_SIGN_STYLE = Automatic;
				DEVELOPMENT_TEAM = Z7TZH6S9GB;
				INFOPLIST_FILE = DreamlineUITests/Info.plist;
				LD_RUNPATH_SEARCH_PATHS = "$(inherited) @executable_path/Frameworks @loader_path/Frameworks";
				PRODUCT_BUNDLE_IDENTIFIER = com.teambeedream.DreamlineUITests;
				PRODUCT_NAME = "$(TARGET_NAME)";
				SWIFT_VERSION = 4.0;
				TARGETED_DEVICE_FAMILY = "1,2";
				TEST_TARGET_NAME = Dreamline;
			};
			name = Release;
		};
/* End XCBuildConfiguration section */

/* Begin XCConfigurationList section */
		69775BF32047500900629520 /* Build configuration list for PBXProject "Dreamline" */ = {
			isa = XCConfigurationList;
			buildConfigurations = (
				69775C1E2047500900629520 /* Debug */,
				69775C1F2047500900629520 /* Release */,
			);
			defaultConfigurationIsVisible = 0;
			defaultConfigurationName = Release;
		};
		69775C202047500900629520 /* Build configuration list for PBXNativeTarget "Dreamline" */ = {
			isa = XCConfigurationList;
			buildConfigurations = (
				69775C212047500900629520 /* Debug */,
				69775C222047500900629520 /* Release */,
			);
			defaultConfigurationIsVisible = 0;
			defaultConfigurationName = Release;
		};
		69775C232047500900629520 /* Build configuration list for PBXNativeTarget "DreamlineTests" */ = {
			isa = XCConfigurationList;
			buildConfigurations = (
				69775C242047500900629520 /* Debug */,
				69775C252047500900629520 /* Release */,
			);
			defaultConfigurationIsVisible = 0;
			defaultConfigurationName = Release;
		};
		69775C262047500900629520 /* Build configuration list for PBXNativeTarget "DreamlineUITests" */ = {
			isa = XCConfigurationList;
			buildConfigurations = (
				69775C272047500900629520 /* Debug */,
				69775C282047500900629520 /* Release */,
			);
			defaultConfigurationIsVisible = 0;
			defaultConfigurationName = Release;
		};
/* End XCConfigurationList section */
	};
	rootObject = 69775BF02047500900629520 /* Project object */;
}
