// !$*UTF8*$!
{
	archiveVersion = 1;
	classes = {
	};
	objectVersion = 48;
	objects = {

/* Begin PBXBuildFile section */
		2D7E020800708879D48E5BB2 /* Pods_Dreamline.framework in Frameworks */ = {isa = PBXBuildFile; fileRef = F4631872D78D3667E10BD3DC /* Pods_Dreamline.framework */; };
		6913F852206C3601001FBAAB /* GoogleService-Info.plist in Resources */ = {isa = PBXBuildFile; fileRef = 6913F851206C3600001FBAAB /* GoogleService-Info.plist */; };
		6913F853206C3601001FBAAB /* GoogleService-Info.plist in Resources */ = {isa = PBXBuildFile; fileRef = 6913F851206C3600001FBAAB /* GoogleService-Info.plist */; };
		6913F854206C3601001FBAAB /* GoogleService-Info.plist in Resources */ = {isa = PBXBuildFile; fileRef = 6913F851206C3600001FBAAB /* GoogleService-Info.plist */; };
		6950D4662099F8D400B0DFCC /* TitleScene.swift in Sources */ = {isa = PBXBuildFile; fileRef = 6950D4652099F8D400B0DFCC /* TitleScene.swift */; };
		6950D468209A0D0800B0DFCC /* HoppingLabelNode.swift in Sources */ = {isa = PBXBuildFile; fileRef = 6950D467209A0D0800B0DFCC /* HoppingLabelNode.swift */; };
		6950D473209A478A00B0DFCC /* CloudScroll.fsh in Resources */ = {isa = PBXBuildFile; fileRef = 6950D472209A478A00B0DFCC /* CloudScroll.fsh */; };
		6950D478209A90F800B0DFCC /* Resources.swift in Sources */ = {isa = PBXBuildFile; fileRef = 6950D477209A90F800B0DFCC /* Resources.swift */; };
		6950D47C209B5E1D00B0DFCC /* cloud_theme_menu_v3.mp3 in Resources */ = {isa = PBXBuildFile; fileRef = 6950D47B209B5E1D00B0DFCC /* cloud_theme_menu_v3.mp3 */; };
		6950D47E209B619900B0DFCC /* Highscore.swift in Sources */ = {isa = PBXBuildFile; fileRef = 6950D47D209B619900B0DFCC /* Highscore.swift */; };
		6950D482209B6E2B00B0DFCC /* barrier_cross_v4.mp3 in Resources */ = {isa = PBXBuildFile; fileRef = 6950D481209B6E2B00B0DFCC /* barrier_cross_v4.mp3 */; };
		6950D484209B6E4200B0DFCC /* barrier_pass_v2.mp3 in Resources */ = {isa = PBXBuildFile; fileRef = 6950D483209B6E4200B0DFCC /* barrier_pass_v2.mp3 */; };
		6950D486209B6E9900B0DFCC /* player_move_v3.mp3 in Resources */ = {isa = PBXBuildFile; fileRef = 6950D485209B6E9800B0DFCC /* player_move_v3.mp3 */; };
		6950D488209B6EF000B0DFCC /* threshold_cross_v2.mp3 in Resources */ = {isa = PBXBuildFile; fileRef = 6950D487209B6EF000B0DFCC /* threshold_cross_v2.mp3 */; };
		6950D48A209B6F0B00B0DFCC /* threshold_cross_chunk_v2.mp3 in Resources */ = {isa = PBXBuildFile; fileRef = 6950D489209B6F0B00B0DFCC /* threshold_cross_chunk_v2.mp3 */; };
		6950D48C209B83AD00B0DFCC /* player_move_2_v2.mp3 in Resources */ = {isa = PBXBuildFile; fileRef = 6950D48B209B83AD00B0DFCC /* player_move_2_v2.mp3 */; };
		6950D48E209B8EC000B0DFCC /* ScrollingCloudNode.swift in Sources */ = {isa = PBXBuildFile; fileRef = 6950D48D209B8EC000B0DFCC /* ScrollingCloudNode.swift */; };
		6950D490209C0EBE00B0DFCC /* Colors.swift in Sources */ = {isa = PBXBuildFile; fileRef = 6950D48F209C0EBE00B0DFCC /* Colors.swift */; };
		695619222098BAB500A7E822 /* ScrollTexture.fsh in Resources */ = {isa = PBXBuildFile; fileRef = 695619202098BAB500A7E822 /* ScrollTexture.fsh */; };
		695619232098BAB500A7E822 /* TiledTexture.fsh in Resources */ = {isa = PBXBuildFile; fileRef = 695619212098BAB500A7E822 /* TiledTexture.fsh */; };
		695619282098BB0B00A7E822 /* SkyRenderer.swift in Sources */ = {isa = PBXBuildFile; fileRef = 695619272098BB0B00A7E822 /* SkyRenderer.swift */; };
		6956192D2098C15F00A7E822 /* Actions.swift in Sources */ = {isa = PBXBuildFile; fileRef = 6956192C2098C15F00A7E822 /* Actions.swift */; };
		6956192F2098C2D000A7E822 /* PlayerNode.swift in Sources */ = {isa = PBXBuildFile; fileRef = 6956192E2098C2D000A7E822 /* PlayerNode.swift */; };
		695619312098C49A00A7E822 /* Layout.swift in Sources */ = {isa = PBXBuildFile; fileRef = 695619302098C49A00A7E822 /* Layout.swift */; };
		695619332098E32400A7E822 /* AudioRenderer.swift in Sources */ = {isa = PBXBuildFile; fileRef = 695619322098E32400A7E822 /* AudioRenderer.swift */; };
		695619352098E36D00A7E822 /* Dreamline_cloud_theme.mp3 in Resources */ = {isa = PBXBuildFile; fileRef = 695619342098E36D00A7E822 /* Dreamline_cloud_theme.mp3 */; };
		695619372098E70C00A7E822 /* SettingsState.swift in Sources */ = {isa = PBXBuildFile; fileRef = 695619362098E70C00A7E822 /* SettingsState.swift */; };
		6956193A2098E74100A7E822 /* SettingsMutator.swift in Sources */ = {isa = PBXBuildFile; fileRef = 695619392098E74100A7E822 /* SettingsMutator.swift */; };
		69711D05207E7D4600B7309C /* NodeCache.swift in Sources */ = {isa = PBXBuildFile; fileRef = 69711D04207E7D4600B7309C /* NodeCache.swift */; };
		697FD96E207D307400403C7F /* Collision.swift in Sources */ = {isa = PBXBuildFile; fileRef = 697FD96D207D307400403C7F /* Collision.swift */; };
		699EB42D206DAFDA00693CB8 /* Random.swift in Sources */ = {isa = PBXBuildFile; fileRef = 699EB42C206DAFDA00693CB8 /* Random.swift */; };
		699EB42F206DB51200693CB8 /* RandomTests.swift in Sources */ = {isa = PBXBuildFile; fileRef = 699EB42E206DB51200693CB8 /* RandomTests.swift */; };
		699FC556204E053600DB09B4 /* AppDelegate.swift in Sources */ = {isa = PBXBuildFile; fileRef = 699FC555204E053600DB09B4 /* AppDelegate.swift */; };
		699FC55E204E053600DB09B4 /* DreamlineViewController.swift in Sources */ = {isa = PBXBuildFile; fileRef = 699FC55D204E053600DB09B4 /* DreamlineViewController.swift */; };
		699FC563204E053600DB09B4 /* Assets.xcassets in Resources */ = {isa = PBXBuildFile; fileRef = 699FC562204E053600DB09B4 /* Assets.xcassets */; };
		699FC566204E053600DB09B4 /* LaunchScreen.storyboard in Resources */ = {isa = PBXBuildFile; fileRef = 699FC564204E053600DB09B4 /* LaunchScreen.storyboard */; };
		699FC57C204E053600DB09B4 /* DreamlineUITests.swift in Sources */ = {isa = PBXBuildFile; fileRef = 699FC57B204E053600DB09B4 /* DreamlineUITests.swift */; };
		69AB5E92204F251700093B33 /* Math.swift in Sources */ = {isa = PBXBuildFile; fileRef = 69AB5E91204F251700093B33 /* Math.swift */; };
		69C5A827209382AC0034C9E6 /* KernelState.swift in Sources */ = {isa = PBXBuildFile; fileRef = 69C5A826209382AC0034C9E6 /* KernelState.swift */; };
		69C5A82A209383300034C9E6 /* TimeState.swift in Sources */ = {isa = PBXBuildFile; fileRef = 69C5A829209383300034C9E6 /* TimeState.swift */; };
		69C5A82C209383B80034C9E6 /* ChunkState.swift in Sources */ = {isa = PBXBuildFile; fileRef = 69C5A82B209383B80034C9E6 /* ChunkState.swift */; };
		69C5A82E209384590034C9E6 /* BoardState.swift in Sources */ = {isa = PBXBuildFile; fileRef = 69C5A82D209384590034C9E6 /* BoardState.swift */; };
		69C5A830209387040034C9E6 /* PositionState.swift in Sources */ = {isa = PBXBuildFile; fileRef = 69C5A82F209387040034C9E6 /* PositionState.swift */; };
		69C5A832209387B80034C9E6 /* FlowControlState.swift in Sources */ = {isa = PBXBuildFile; fileRef = 69C5A831209387B80034C9E6 /* FlowControlState.swift */; };
		69C5A834209388110034C9E6 /* HealthState.swift in Sources */ = {isa = PBXBuildFile; fileRef = 69C5A833209388110034C9E6 /* HealthState.swift */; };
		69C5A837209389080034C9E6 /* Kernel.swift in Sources */ = {isa = PBXBuildFile; fileRef = 69C5A836209389080034C9E6 /* Kernel.swift */; };
		69C5A83D20938A920034C9E6 /* Definitions.swift in Sources */ = {isa = PBXBuildFile; fileRef = 69C5A83C20938A920034C9E6 /* Definitions.swift */; };
		69C5A83F20938B7D0034C9E6 /* TimeRule.swift in Sources */ = {isa = PBXBuildFile; fileRef = 69C5A83E20938B7D0034C9E6 /* TimeRule.swift */; };
		69C5A84120938B890034C9E6 /* TimeRuleTests.swift in Sources */ = {isa = PBXBuildFile; fileRef = 69C5A84020938B890034C9E6 /* TimeRuleTests.swift */; };
		69C5A844209395FB0034C9E6 /* TimeMutator.swift in Sources */ = {isa = PBXBuildFile; fileRef = 69C5A843209395FB0034C9E6 /* TimeMutator.swift */; };
		69C5A848209396330034C9E6 /* TimeMutatorTests.swift in Sources */ = {isa = PBXBuildFile; fileRef = 69C5A847209396330034C9E6 /* TimeMutatorTests.swift */; };
		69C5A84A20939BD00034C9E6 /* ScrollRule.swift in Sources */ = {isa = PBXBuildFile; fileRef = 69C5A84920939BD00034C9E6 /* ScrollRule.swift */; };
		69C5A84C20939BDB0034C9E6 /* ScrollRuleTests.swift in Sources */ = {isa = PBXBuildFile; fileRef = 69C5A84B20939BDB0034C9E6 /* ScrollRuleTests.swift */; };
		69C5A84E2093A0300034C9E6 /* BoardMutator.swift in Sources */ = {isa = PBXBuildFile; fileRef = 69C5A84D2093A0300034C9E6 /* BoardMutator.swift */; };
		69C5A8512093A04E0034C9E6 /* BoardMutatorTests.swift in Sources */ = {isa = PBXBuildFile; fileRef = 69C5A8502093A04E0034C9E6 /* BoardMutatorTests.swift */; };
		69C5A8532093A2DD0034C9E6 /* SpawnRule.swift in Sources */ = {isa = PBXBuildFile; fileRef = 69C5A8522093A2DD0034C9E6 /* SpawnRule.swift */; };
		69C5A8552093A3610034C9E6 /* SpawnRuleTests.swift in Sources */ = {isa = PBXBuildFile; fileRef = 69C5A8542093A3610034C9E6 /* SpawnRuleTests.swift */; };
		69C5A8572093BA8F0034C9E6 /* GameScene.swift in Sources */ = {isa = PBXBuildFile; fileRef = 69C5A8562093BA8F0034C9E6 /* GameScene.swift */; };
		69C5A85A2093BB2D0034C9E6 /* EntityRenderer.swift in Sources */ = {isa = PBXBuildFile; fileRef = 69C5A8592093BB2D0034C9E6 /* EntityRenderer.swift */; };
		69C5A85C2093BC1F0034C9E6 /* BarrierRendererDelegate.swift in Sources */ = {isa = PBXBuildFile; fileRef = 69C5A85B2093BC1F0034C9E6 /* BarrierRendererDelegate.swift */; };
		69C5A85E2093BC230034C9E6 /* ThresholdRendererDelegate.swift in Sources */ = {isa = PBXBuildFile; fileRef = 69C5A85D2093BC230034C9E6 /* ThresholdRendererDelegate.swift */; };
		69C5A8602094C32F0034C9E6 /* PositionRuleTests.swift in Sources */ = {isa = PBXBuildFile; fileRef = 69C5A85F2094C32F0034C9E6 /* PositionRuleTests.swift */; };
		69C5A8622094C33B0034C9E6 /* PositionRule.swift in Sources */ = {isa = PBXBuildFile; fileRef = 69C5A8612094C33B0034C9E6 /* PositionRule.swift */; };
		69C5A8642094C7270034C9E6 /* PositionMutator.swift in Sources */ = {isa = PBXBuildFile; fileRef = 69C5A8632094C7270034C9E6 /* PositionMutator.swift */; };
		69C5A8662094C7400034C9E6 /* PositionMutatorTests.swift in Sources */ = {isa = PBXBuildFile; fileRef = 69C5A8652094C7400034C9E6 /* PositionMutatorTests.swift */; };
		69C5A8682094C9F60034C9E6 /* PlayerRenderer.swift in Sources */ = {isa = PBXBuildFile; fileRef = 69C5A8672094C9F60034C9E6 /* PlayerRenderer.swift */; };
		69C5A86A2094CB1A0034C9E6 /* Input.swift in Sources */ = {isa = PBXBuildFile; fileRef = 69C5A8692094CB1A0034C9E6 /* Input.swift */; };
		69C5A86D2094CB360034C9E6 /* InputTests.swift in Sources */ = {isa = PBXBuildFile; fileRef = 69C5A86C2094CB360034C9E6 /* InputTests.swift */; };
		69C5A86F2094D5210034C9E6 /* CollisionRule.swift in Sources */ = {isa = PBXBuildFile; fileRef = 69C5A86E2094D5210034C9E6 /* CollisionRule.swift */; };
		69C5A8722094D7170034C9E6 /* CollisionRuleTests.swift in Sources */ = {isa = PBXBuildFile; fileRef = 69C5A8712094D7170034C9E6 /* CollisionRuleTests.swift */; };
		69C5A8742094DB530034C9E6 /* HealthRule.swift in Sources */ = {isa = PBXBuildFile; fileRef = 69C5A8732094DB530034C9E6 /* HealthRule.swift */; };
		69C5A8762094DB5B0034C9E6 /* HealthMutator.swift in Sources */ = {isa = PBXBuildFile; fileRef = 69C5A8752094DB5B0034C9E6 /* HealthMutator.swift */; };
		69C5A8782094E0820034C9E6 /* DespawnRule.swift in Sources */ = {isa = PBXBuildFile; fileRef = 69C5A8772094E0820034C9E6 /* DespawnRule.swift */; };
		69C5A87A2094E2A10034C9E6 /* ChunkMutator.swift in Sources */ = {isa = PBXBuildFile; fileRef = 69C5A8792094E2A10034C9E6 /* ChunkMutator.swift */; };
		69C5A87C20961B770034C9E6 /* ChunkSequencer.swift in Sources */ = {isa = PBXBuildFile; fileRef = 69C5A87B20961B770034C9E6 /* ChunkSequencer.swift */; };
		69C5A87E209620E60034C9E6 /* SetupRule.swift in Sources */ = {isa = PBXBuildFile; fileRef = 69C5A87D209620E60034C9E6 /* SetupRule.swift */; };
		69C5A880209621D00034C9E6 /* FlowControlMutator.swift in Sources */ = {isa = PBXBuildFile; fileRef = 69C5A87F209621D00034C9E6 /* FlowControlMutator.swift */; };
		69C5A885209627AA0034C9E6 /* PauseButtonNode.swift in Sources */ = {isa = PBXBuildFile; fileRef = 69C5A881209627A90034C9E6 /* PauseButtonNode.swift */; };
		69C5A886209627AA0034C9E6 /* PauseMenuNode.swift in Sources */ = {isa = PBXBuildFile; fileRef = 69C5A882209627A90034C9E6 /* PauseMenuNode.swift */; };
		69C5A887209627AA0034C9E6 /* LabelButtonNode.swift in Sources */ = {isa = PBXBuildFile; fileRef = 69C5A883209627AA0034C9E6 /* LabelButtonNode.swift */; };
		69C5A888209627AA0034C9E6 /* PauseRenderer.swift in Sources */ = {isa = PBXBuildFile; fileRef = 69C5A884209627AA0034C9E6 /* PauseRenderer.swift */; };
		69C5A88A209627BD0034C9E6 /* ButtonNode.swift in Sources */ = {isa = PBXBuildFile; fileRef = 69C5A889209627BC0034C9E6 /* ButtonNode.swift */; };
		69C5A88C20962AA80034C9E6 /* ResultsRenderer.swift in Sources */ = {isa = PBXBuildFile; fileRef = 69C5A88B20962AA80034C9E6 /* ResultsRenderer.swift */; };
		84C2A830D3DAB8687D4A83B8 /* Pods_DreamlineTests.framework in Frameworks */ = {isa = PBXBuildFile; fileRef = 7A67B3B964FC2677127726C0 /* Pods_DreamlineTests.framework */; };
		89B7B5042AE2E7724FA90843 /* Pods_DreamlineUITests.framework in Frameworks */ = {isa = PBXBuildFile; fileRef = E4A69E33CDBB0B27E5D56146 /* Pods_DreamlineUITests.framework */; };
/* End PBXBuildFile section */

/* Begin PBXContainerItemProxy section */
		699FC56D204E053600DB09B4 /* PBXContainerItemProxy */ = {
			isa = PBXContainerItemProxy;
			containerPortal = 699FC54A204E053600DB09B4 /* Project object */;
			proxyType = 1;
			remoteGlobalIDString = 699FC551204E053600DB09B4;
			remoteInfo = Dreamline;
		};
		699FC578204E053600DB09B4 /* PBXContainerItemProxy */ = {
			isa = PBXContainerItemProxy;
			containerPortal = 699FC54A204E053600DB09B4 /* Project object */;
			proxyType = 1;
			remoteGlobalIDString = 699FC551204E053600DB09B4;
			remoteInfo = Dreamline;
		};
/* End PBXContainerItemProxy section */

/* Begin PBXFileReference section */
		6913F851206C3600001FBAAB /* GoogleService-Info.plist */ = {isa = PBXFileReference; fileEncoding = 4; lastKnownFileType = text.plist.xml; path = "GoogleService-Info.plist"; sourceTree = "<group>"; };
		6950D4652099F8D400B0DFCC /* TitleScene.swift */ = {isa = PBXFileReference; lastKnownFileType = sourcecode.swift; path = TitleScene.swift; sourceTree = "<group>"; };
		6950D467209A0D0800B0DFCC /* HoppingLabelNode.swift */ = {isa = PBXFileReference; lastKnownFileType = sourcecode.swift; path = HoppingLabelNode.swift; sourceTree = "<group>"; };
		6950D472209A478A00B0DFCC /* CloudScroll.fsh */ = {isa = PBXFileReference; lastKnownFileType = sourcecode.glsl; path = CloudScroll.fsh; sourceTree = "<group>"; };
		6950D477209A90F800B0DFCC /* Resources.swift */ = {isa = PBXFileReference; lastKnownFileType = sourcecode.swift; path = Resources.swift; sourceTree = "<group>"; };
		6950D47B209B5E1D00B0DFCC /* cloud_theme_menu_v3.mp3 */ = {isa = PBXFileReference; lastKnownFileType = audio.mp3; path = cloud_theme_menu_v3.mp3; sourceTree = "<group>"; };
		6950D47D209B619900B0DFCC /* Highscore.swift */ = {isa = PBXFileReference; lastKnownFileType = sourcecode.swift; path = Highscore.swift; sourceTree = "<group>"; };
		6950D481209B6E2B00B0DFCC /* barrier_cross_v4.mp3 */ = {isa = PBXFileReference; lastKnownFileType = audio.mp3; path = barrier_cross_v4.mp3; sourceTree = "<group>"; };
		6950D483209B6E4200B0DFCC /* barrier_pass_v2.mp3 */ = {isa = PBXFileReference; lastKnownFileType = audio.mp3; path = barrier_pass_v2.mp3; sourceTree = "<group>"; };
		6950D485209B6E9800B0DFCC /* player_move_v3.mp3 */ = {isa = PBXFileReference; lastKnownFileType = audio.mp3; path = player_move_v3.mp3; sourceTree = "<group>"; };
		6950D487209B6EF000B0DFCC /* threshold_cross_v2.mp3 */ = {isa = PBXFileReference; lastKnownFileType = audio.mp3; path = threshold_cross_v2.mp3; sourceTree = "<group>"; };
		6950D489209B6F0B00B0DFCC /* threshold_cross_chunk_v2.mp3 */ = {isa = PBXFileReference; lastKnownFileType = audio.mp3; path = threshold_cross_chunk_v2.mp3; sourceTree = "<group>"; };
		6950D48B209B83AD00B0DFCC /* player_move_2_v2.mp3 */ = {isa = PBXFileReference; lastKnownFileType = audio.mp3; path = player_move_2_v2.mp3; sourceTree = "<group>"; };
		6950D48D209B8EC000B0DFCC /* ScrollingCloudNode.swift */ = {isa = PBXFileReference; lastKnownFileType = sourcecode.swift; path = ScrollingCloudNode.swift; sourceTree = "<group>"; };
		6950D48F209C0EBE00B0DFCC /* Colors.swift */ = {isa = PBXFileReference; lastKnownFileType = sourcecode.swift; path = Colors.swift; sourceTree = "<group>"; };
		695619202098BAB500A7E822 /* ScrollTexture.fsh */ = {isa = PBXFileReference; fileEncoding = 4; lastKnownFileType = sourcecode.glsl; path = ScrollTexture.fsh; sourceTree = "<group>"; };
		695619212098BAB500A7E822 /* TiledTexture.fsh */ = {isa = PBXFileReference; fileEncoding = 4; lastKnownFileType = sourcecode.glsl; path = TiledTexture.fsh; sourceTree = "<group>"; };
		695619272098BB0B00A7E822 /* SkyRenderer.swift */ = {isa = PBXFileReference; lastKnownFileType = sourcecode.swift; path = SkyRenderer.swift; sourceTree = "<group>"; };
		6956192C2098C15F00A7E822 /* Actions.swift */ = {isa = PBXFileReference; lastKnownFileType = sourcecode.swift; path = Actions.swift; sourceTree = "<group>"; };
		6956192E2098C2D000A7E822 /* PlayerNode.swift */ = {isa = PBXFileReference; lastKnownFileType = sourcecode.swift; path = PlayerNode.swift; sourceTree = "<group>"; };
		695619302098C49A00A7E822 /* Layout.swift */ = {isa = PBXFileReference; lastKnownFileType = sourcecode.swift; path = Layout.swift; sourceTree = "<group>"; };
		695619322098E32400A7E822 /* AudioRenderer.swift */ = {isa = PBXFileReference; lastKnownFileType = sourcecode.swift; path = AudioRenderer.swift; sourceTree = "<group>"; };
		695619342098E36D00A7E822 /* Dreamline_cloud_theme.mp3 */ = {isa = PBXFileReference; lastKnownFileType = audio.mp3; path = Dreamline_cloud_theme.mp3; sourceTree = "<group>"; };
		695619362098E70C00A7E822 /* SettingsState.swift */ = {isa = PBXFileReference; lastKnownFileType = sourcecode.swift; path = SettingsState.swift; sourceTree = "<group>"; };
		695619392098E74100A7E822 /* SettingsMutator.swift */ = {isa = PBXFileReference; lastKnownFileType = sourcecode.swift; path = SettingsMutator.swift; sourceTree = "<group>"; };
		69711D04207E7D4600B7309C /* NodeCache.swift */ = {isa = PBXFileReference; lastKnownFileType = sourcecode.swift; path = NodeCache.swift; sourceTree = "<group>"; };
		697FD96D207D307400403C7F /* Collision.swift */ = {isa = PBXFileReference; lastKnownFileType = sourcecode.swift; path = Collision.swift; sourceTree = "<group>"; };
		699EB42C206DAFDA00693CB8 /* Random.swift */ = {isa = PBXFileReference; lastKnownFileType = sourcecode.swift; path = Random.swift; sourceTree = "<group>"; };
		699EB42E206DB51200693CB8 /* RandomTests.swift */ = {isa = PBXFileReference; lastKnownFileType = sourcecode.swift; path = RandomTests.swift; sourceTree = "<group>"; };
		699FC552204E053600DB09B4 /* Dreamline.app */ = {isa = PBXFileReference; explicitFileType = wrapper.application; includeInIndex = 0; path = Dreamline.app; sourceTree = BUILT_PRODUCTS_DIR; };
		699FC555204E053600DB09B4 /* AppDelegate.swift */ = {isa = PBXFileReference; lastKnownFileType = sourcecode.swift; path = AppDelegate.swift; sourceTree = "<group>"; };
		699FC55D204E053600DB09B4 /* DreamlineViewController.swift */ = {isa = PBXFileReference; lastKnownFileType = sourcecode.swift; path = DreamlineViewController.swift; sourceTree = "<group>"; };
		699FC562204E053600DB09B4 /* Assets.xcassets */ = {isa = PBXFileReference; lastKnownFileType = folder.assetcatalog; path = Assets.xcassets; sourceTree = "<group>"; };
		699FC565204E053600DB09B4 /* Base */ = {isa = PBXFileReference; lastKnownFileType = file.storyboard; name = Base; path = Base.lproj/LaunchScreen.storyboard; sourceTree = "<group>"; };
		699FC567204E053600DB09B4 /* Info.plist */ = {isa = PBXFileReference; lastKnownFileType = text.plist.xml; path = Info.plist; sourceTree = "<group>"; };
		699FC56C204E053600DB09B4 /* DreamlineTests.xctest */ = {isa = PBXFileReference; explicitFileType = wrapper.cfbundle; includeInIndex = 0; path = DreamlineTests.xctest; sourceTree = BUILT_PRODUCTS_DIR; };
		699FC572204E053600DB09B4 /* Info.plist */ = {isa = PBXFileReference; lastKnownFileType = text.plist.xml; path = Info.plist; sourceTree = "<group>"; };
		699FC577204E053600DB09B4 /* DreamlineUITests.xctest */ = {isa = PBXFileReference; explicitFileType = wrapper.cfbundle; includeInIndex = 0; path = DreamlineUITests.xctest; sourceTree = BUILT_PRODUCTS_DIR; };
		699FC57B204E053600DB09B4 /* DreamlineUITests.swift */ = {isa = PBXFileReference; lastKnownFileType = sourcecode.swift; path = DreamlineUITests.swift; sourceTree = "<group>"; };
		699FC57D204E053600DB09B4 /* Info.plist */ = {isa = PBXFileReference; lastKnownFileType = text.plist.xml; path = Info.plist; sourceTree = "<group>"; };
		69AB5E91204F251700093B33 /* Math.swift */ = {isa = PBXFileReference; lastKnownFileType = sourcecode.swift; path = Math.swift; sourceTree = "<group>"; };
		69C5A826209382AC0034C9E6 /* KernelState.swift */ = {isa = PBXFileReference; lastKnownFileType = sourcecode.swift; path = KernelState.swift; sourceTree = "<group>"; };
		69C5A829209383300034C9E6 /* TimeState.swift */ = {isa = PBXFileReference; lastKnownFileType = sourcecode.swift; path = TimeState.swift; sourceTree = "<group>"; };
		69C5A82B209383B80034C9E6 /* ChunkState.swift */ = {isa = PBXFileReference; lastKnownFileType = sourcecode.swift; path = ChunkState.swift; sourceTree = "<group>"; };
		69C5A82D209384590034C9E6 /* BoardState.swift */ = {isa = PBXFileReference; lastKnownFileType = sourcecode.swift; path = BoardState.swift; sourceTree = "<group>"; };
		69C5A82F209387040034C9E6 /* PositionState.swift */ = {isa = PBXFileReference; lastKnownFileType = sourcecode.swift; path = PositionState.swift; sourceTree = "<group>"; };
		69C5A831209387B80034C9E6 /* FlowControlState.swift */ = {isa = PBXFileReference; lastKnownFileType = sourcecode.swift; path = FlowControlState.swift; sourceTree = "<group>"; };
		69C5A833209388110034C9E6 /* HealthState.swift */ = {isa = PBXFileReference; lastKnownFileType = sourcecode.swift; path = HealthState.swift; sourceTree = "<group>"; };
		69C5A836209389080034C9E6 /* Kernel.swift */ = {isa = PBXFileReference; lastKnownFileType = sourcecode.swift; path = Kernel.swift; sourceTree = "<group>"; };
		69C5A83C20938A920034C9E6 /* Definitions.swift */ = {isa = PBXFileReference; lastKnownFileType = sourcecode.swift; path = Definitions.swift; sourceTree = "<group>"; };
		69C5A83E20938B7D0034C9E6 /* TimeRule.swift */ = {isa = PBXFileReference; lastKnownFileType = sourcecode.swift; path = TimeRule.swift; sourceTree = "<group>"; };
		69C5A84020938B890034C9E6 /* TimeRuleTests.swift */ = {isa = PBXFileReference; lastKnownFileType = sourcecode.swift; path = TimeRuleTests.swift; sourceTree = "<group>"; };
		69C5A843209395FB0034C9E6 /* TimeMutator.swift */ = {isa = PBXFileReference; lastKnownFileType = sourcecode.swift; path = TimeMutator.swift; sourceTree = "<group>"; };
		69C5A847209396330034C9E6 /* TimeMutatorTests.swift */ = {isa = PBXFileReference; lastKnownFileType = sourcecode.swift; path = TimeMutatorTests.swift; sourceTree = "<group>"; };
		69C5A84920939BD00034C9E6 /* ScrollRule.swift */ = {isa = PBXFileReference; lastKnownFileType = sourcecode.swift; path = ScrollRule.swift; sourceTree = "<group>"; };
		69C5A84B20939BDB0034C9E6 /* ScrollRuleTests.swift */ = {isa = PBXFileReference; lastKnownFileType = sourcecode.swift; path = ScrollRuleTests.swift; sourceTree = "<group>"; };
		69C5A84D2093A0300034C9E6 /* BoardMutator.swift */ = {isa = PBXFileReference; lastKnownFileType = sourcecode.swift; path = BoardMutator.swift; sourceTree = "<group>"; };
		69C5A8502093A04E0034C9E6 /* BoardMutatorTests.swift */ = {isa = PBXFileReference; lastKnownFileType = sourcecode.swift; path = BoardMutatorTests.swift; sourceTree = "<group>"; };
		69C5A8522093A2DD0034C9E6 /* SpawnRule.swift */ = {isa = PBXFileReference; lastKnownFileType = sourcecode.swift; path = SpawnRule.swift; sourceTree = "<group>"; };
		69C5A8542093A3610034C9E6 /* SpawnRuleTests.swift */ = {isa = PBXFileReference; lastKnownFileType = sourcecode.swift; path = SpawnRuleTests.swift; sourceTree = "<group>"; };
		69C5A8562093BA8F0034C9E6 /* GameScene.swift */ = {isa = PBXFileReference; lastKnownFileType = sourcecode.swift; path = GameScene.swift; sourceTree = "<group>"; };
		69C5A8592093BB2D0034C9E6 /* EntityRenderer.swift */ = {isa = PBXFileReference; fileEncoding = 4; lastKnownFileType = sourcecode.swift; path = EntityRenderer.swift; sourceTree = "<group>"; };
		69C5A85B2093BC1F0034C9E6 /* BarrierRendererDelegate.swift */ = {isa = PBXFileReference; fileEncoding = 4; lastKnownFileType = sourcecode.swift; path = BarrierRendererDelegate.swift; sourceTree = "<group>"; };
		69C5A85D2093BC230034C9E6 /* ThresholdRendererDelegate.swift */ = {isa = PBXFileReference; fileEncoding = 4; lastKnownFileType = sourcecode.swift; path = ThresholdRendererDelegate.swift; sourceTree = "<group>"; };
		69C5A85F2094C32F0034C9E6 /* PositionRuleTests.swift */ = {isa = PBXFileReference; lastKnownFileType = sourcecode.swift; path = PositionRuleTests.swift; sourceTree = "<group>"; };
		69C5A8612094C33B0034C9E6 /* PositionRule.swift */ = {isa = PBXFileReference; lastKnownFileType = sourcecode.swift; path = PositionRule.swift; sourceTree = "<group>"; };
		69C5A8632094C7270034C9E6 /* PositionMutator.swift */ = {isa = PBXFileReference; lastKnownFileType = sourcecode.swift; path = PositionMutator.swift; sourceTree = "<group>"; };
		69C5A8652094C7400034C9E6 /* PositionMutatorTests.swift */ = {isa = PBXFileReference; lastKnownFileType = sourcecode.swift; path = PositionMutatorTests.swift; sourceTree = "<group>"; };
		69C5A8672094C9F60034C9E6 /* PlayerRenderer.swift */ = {isa = PBXFileReference; fileEncoding = 4; lastKnownFileType = sourcecode.swift; path = PlayerRenderer.swift; sourceTree = "<group>"; };
		69C5A8692094CB1A0034C9E6 /* Input.swift */ = {isa = PBXFileReference; lastKnownFileType = sourcecode.swift; path = Input.swift; sourceTree = "<group>"; };
		69C5A86C2094CB360034C9E6 /* InputTests.swift */ = {isa = PBXFileReference; lastKnownFileType = sourcecode.swift; path = InputTests.swift; sourceTree = "<group>"; };
		69C5A86E2094D5210034C9E6 /* CollisionRule.swift */ = {isa = PBXFileReference; lastKnownFileType = sourcecode.swift; path = CollisionRule.swift; sourceTree = "<group>"; };
		69C5A8712094D7170034C9E6 /* CollisionRuleTests.swift */ = {isa = PBXFileReference; lastKnownFileType = sourcecode.swift; path = CollisionRuleTests.swift; sourceTree = "<group>"; };
		69C5A8732094DB530034C9E6 /* HealthRule.swift */ = {isa = PBXFileReference; lastKnownFileType = sourcecode.swift; path = HealthRule.swift; sourceTree = "<group>"; };
		69C5A8752094DB5B0034C9E6 /* HealthMutator.swift */ = {isa = PBXFileReference; lastKnownFileType = sourcecode.swift; path = HealthMutator.swift; sourceTree = "<group>"; };
		69C5A8772094E0820034C9E6 /* DespawnRule.swift */ = {isa = PBXFileReference; lastKnownFileType = sourcecode.swift; path = DespawnRule.swift; sourceTree = "<group>"; };
		69C5A8792094E2A10034C9E6 /* ChunkMutator.swift */ = {isa = PBXFileReference; lastKnownFileType = sourcecode.swift; path = ChunkMutator.swift; sourceTree = "<group>"; };
		69C5A87B20961B770034C9E6 /* ChunkSequencer.swift */ = {isa = PBXFileReference; lastKnownFileType = sourcecode.swift; path = ChunkSequencer.swift; sourceTree = "<group>"; };
		69C5A87D209620E60034C9E6 /* SetupRule.swift */ = {isa = PBXFileReference; lastKnownFileType = sourcecode.swift; path = SetupRule.swift; sourceTree = "<group>"; };
		69C5A87F209621D00034C9E6 /* FlowControlMutator.swift */ = {isa = PBXFileReference; lastKnownFileType = sourcecode.swift; path = FlowControlMutator.swift; sourceTree = "<group>"; };
		69C5A881209627A90034C9E6 /* PauseButtonNode.swift */ = {isa = PBXFileReference; fileEncoding = 4; lastKnownFileType = sourcecode.swift; path = PauseButtonNode.swift; sourceTree = "<group>"; };
		69C5A882209627A90034C9E6 /* PauseMenuNode.swift */ = {isa = PBXFileReference; fileEncoding = 4; lastKnownFileType = sourcecode.swift; path = PauseMenuNode.swift; sourceTree = "<group>"; };
		69C5A883209627AA0034C9E6 /* LabelButtonNode.swift */ = {isa = PBXFileReference; fileEncoding = 4; lastKnownFileType = sourcecode.swift; path = LabelButtonNode.swift; sourceTree = "<group>"; };
		69C5A884209627AA0034C9E6 /* PauseRenderer.swift */ = {isa = PBXFileReference; fileEncoding = 4; lastKnownFileType = sourcecode.swift; path = PauseRenderer.swift; sourceTree = "<group>"; };
		69C5A889209627BC0034C9E6 /* ButtonNode.swift */ = {isa = PBXFileReference; fileEncoding = 4; lastKnownFileType = sourcecode.swift; path = ButtonNode.swift; sourceTree = "<group>"; };
		69C5A88B20962AA80034C9E6 /* ResultsRenderer.swift */ = {isa = PBXFileReference; fileEncoding = 4; lastKnownFileType = sourcecode.swift; path = ResultsRenderer.swift; sourceTree = "<group>"; };
		7A67B3B964FC2677127726C0 /* Pods_DreamlineTests.framework */ = {isa = PBXFileReference; explicitFileType = wrapper.framework; includeInIndex = 0; path = Pods_DreamlineTests.framework; sourceTree = BUILT_PRODUCTS_DIR; };
		804D32A2D16CBF0F2B4D7DD0 /* Pods-Dreamline.release.xcconfig */ = {isa = PBXFileReference; includeInIndex = 1; lastKnownFileType = text.xcconfig; name = "Pods-Dreamline.release.xcconfig"; path = "Pods/Target Support Files/Pods-Dreamline/Pods-Dreamline.release.xcconfig"; sourceTree = "<group>"; };
		82ACAF49F1B36AB22695601F /* Pods-DreamlineUITests.debug.xcconfig */ = {isa = PBXFileReference; includeInIndex = 1; lastKnownFileType = text.xcconfig; name = "Pods-DreamlineUITests.debug.xcconfig"; path = "Pods/Target Support Files/Pods-DreamlineUITests/Pods-DreamlineUITests.debug.xcconfig"; sourceTree = "<group>"; };
		849DBF44DD98469D0C933745 /* Pods-DreamlineUITests.release.xcconfig */ = {isa = PBXFileReference; includeInIndex = 1; lastKnownFileType = text.xcconfig; name = "Pods-DreamlineUITests.release.xcconfig"; path = "Pods/Target Support Files/Pods-DreamlineUITests/Pods-DreamlineUITests.release.xcconfig"; sourceTree = "<group>"; };
		9925CC5CB8938E20D780572E /* Pods-DreamlineTests.release.xcconfig */ = {isa = PBXFileReference; includeInIndex = 1; lastKnownFileType = text.xcconfig; name = "Pods-DreamlineTests.release.xcconfig"; path = "Pods/Target Support Files/Pods-DreamlineTests/Pods-DreamlineTests.release.xcconfig"; sourceTree = "<group>"; };
		C59367BB035771B3341E436F /* Pods-Dreamline.debug.xcconfig */ = {isa = PBXFileReference; includeInIndex = 1; lastKnownFileType = text.xcconfig; name = "Pods-Dreamline.debug.xcconfig"; path = "Pods/Target Support Files/Pods-Dreamline/Pods-Dreamline.debug.xcconfig"; sourceTree = "<group>"; };
		E4A69E33CDBB0B27E5D56146 /* Pods_DreamlineUITests.framework */ = {isa = PBXFileReference; explicitFileType = wrapper.framework; includeInIndex = 0; path = Pods_DreamlineUITests.framework; sourceTree = BUILT_PRODUCTS_DIR; };
		F10CF3E515139FDDE1F65166 /* Pods-DreamlineTests.debug.xcconfig */ = {isa = PBXFileReference; includeInIndex = 1; lastKnownFileType = text.xcconfig; name = "Pods-DreamlineTests.debug.xcconfig"; path = "Pods/Target Support Files/Pods-DreamlineTests/Pods-DreamlineTests.debug.xcconfig"; sourceTree = "<group>"; };
		F4631872D78D3667E10BD3DC /* Pods_Dreamline.framework */ = {isa = PBXFileReference; explicitFileType = wrapper.framework; includeInIndex = 0; path = Pods_Dreamline.framework; sourceTree = BUILT_PRODUCTS_DIR; };
/* End PBXFileReference section */

/* Begin PBXFrameworksBuildPhase section */
		699FC54F204E053600DB09B4 /* Frameworks */ = {
			isa = PBXFrameworksBuildPhase;
			buildActionMask = 2147483647;
			files = (
				2D7E020800708879D48E5BB2 /* Pods_Dreamline.framework in Frameworks */,
			);
			runOnlyForDeploymentPostprocessing = 0;
		};
		699FC569204E053600DB09B4 /* Frameworks */ = {
			isa = PBXFrameworksBuildPhase;
			buildActionMask = 2147483647;
			files = (
				84C2A830D3DAB8687D4A83B8 /* Pods_DreamlineTests.framework in Frameworks */,
			);
			runOnlyForDeploymentPostprocessing = 0;
		};
		699FC574204E053600DB09B4 /* Frameworks */ = {
			isa = PBXFrameworksBuildPhase;
			buildActionMask = 2147483647;
			files = (
				89B7B5042AE2E7724FA90843 /* Pods_DreamlineUITests.framework in Frameworks */,
			);
			runOnlyForDeploymentPostprocessing = 0;
		};
/* End PBXFrameworksBuildPhase section */

/* Begin PBXGroup section */
		693DF52D205997E0002C4821 /* Resources */ = {
			isa = PBXGroup;
			children = (
				6950D483209B6E4200B0DFCC /* barrier_pass_v2.mp3 */,
				6950D481209B6E2B00B0DFCC /* barrier_cross_v4.mp3 */,
				6950D47B209B5E1D00B0DFCC /* cloud_theme_menu_v3.mp3 */,
				6950D485209B6E9800B0DFCC /* player_move_v3.mp3 */,
				6950D489209B6F0B00B0DFCC /* threshold_cross_chunk_v2.mp3 */,
				6950D48B209B83AD00B0DFCC /* player_move_2_v2.mp3 */,
				695619342098E36D00A7E822 /* Dreamline_cloud_theme.mp3 */,
				6950D487209B6EF000B0DFCC /* threshold_cross_v2.mp3 */,
			);
			path = Resources;
			sourceTree = "<group>";
		};
		693E1BAB2059A79A008DBACE /* Util */ = {
			isa = PBXGroup;
			children = (
				69AB5E91204F251700093B33 /* Math.swift */,
				699EB42C206DAFDA00693CB8 /* Random.swift */,
				697FD96D207D307400403C7F /* Collision.swift */,
				69711D04207E7D4600B7309C /* NodeCache.swift */,
				69C5A8692094CB1A0034C9E6 /* Input.swift */,
				69C5A87B20961B770034C9E6 /* ChunkSequencer.swift */,
				6950D47D209B619900B0DFCC /* Highscore.swift */,
			);
			path = Util;
			sourceTree = "<group>";
		};
		6950D476209A89B500B0DFCC /* Common */ = {
			isa = PBXGroup;
			children = (
				69C5A83C20938A920034C9E6 /* Definitions.swift */,
				69C5A836209389080034C9E6 /* Kernel.swift */,
			);
			path = Common;
			sourceTree = "<group>";
		};
		6956191F2098BAAD00A7E822 /* Shaders */ = {
			isa = PBXGroup;
			children = (
				695619202098BAB500A7E822 /* ScrollTexture.fsh */,
				6950D472209A478A00B0DFCC /* CloudScroll.fsh */,
				695619212098BAB500A7E822 /* TiledTexture.fsh */,
			);
			path = Shaders;
			sourceTree = "<group>";
		};
		695619262098BAE100A7E822 /* Nodes */ = {
			isa = PBXGroup;
			children = (
				69C5A889209627BC0034C9E6 /* ButtonNode.swift */,
				69C5A883209627AA0034C9E6 /* LabelButtonNode.swift */,
				69C5A881209627A90034C9E6 /* PauseButtonNode.swift */,
				69C5A882209627A90034C9E6 /* PauseMenuNode.swift */,
				6956192E2098C2D000A7E822 /* PlayerNode.swift */,
				6950D467209A0D0800B0DFCC /* HoppingLabelNode.swift */,
				6950D48D209B8EC000B0DFCC /* ScrollingCloudNode.swift */,
			);
			path = Nodes;
			sourceTree = "<group>";
		};
		695619292098BBC000A7E822 /* Scenes */ = {
			isa = PBXGroup;
			children = (
				6950D4652099F8D400B0DFCC /* TitleScene.swift */,
				69C5A8562093BA8F0034C9E6 /* GameScene.swift */,
			);
			path = Scenes;
			sourceTree = "<group>";
		};
		6956192A2098C13900A7E822 /* Renderers */ = {
			isa = PBXGroup;
			children = (
				69C5A8592093BB2D0034C9E6 /* EntityRenderer.swift */,
				69C5A85B2093BC1F0034C9E6 /* BarrierRendererDelegate.swift */,
				69C5A85D2093BC230034C9E6 /* ThresholdRendererDelegate.swift */,
				69C5A8672094C9F60034C9E6 /* PlayerRenderer.swift */,
				69C5A884209627AA0034C9E6 /* PauseRenderer.swift */,
				69C5A88B20962AA80034C9E6 /* ResultsRenderer.swift */,
				695619272098BB0B00A7E822 /* SkyRenderer.swift */,
				695619322098E32400A7E822 /* AudioRenderer.swift */,
			);
			path = Renderers;
			sourceTree = "<group>";
		};
		6956192B2098C14C00A7E822 /* Util */ = {
			isa = PBXGroup;
			children = (
				6956192C2098C15F00A7E822 /* Actions.swift */,
				695619302098C49A00A7E822 /* Layout.swift */,
				6950D477209A90F800B0DFCC /* Resources.swift */,
				6950D48F209C0EBE00B0DFCC /* Colors.swift */,
			);
			path = Util;
			sourceTree = "<group>";
		};
		699FC549204E053600DB09B4 = {
			isa = PBXGroup;
			children = (
				699FC554204E053600DB09B4 /* Dreamline */,
				699FC56F204E053600DB09B4 /* DreamlineTests */,
				699FC57A204E053600DB09B4 /* DreamlineUITests */,
				699FC553204E053600DB09B4 /* Products */,
				FFC50329214BDE3F7A143784 /* Pods */,
				9FEBE81FBD174B88AC4E666D /* Frameworks */,
			);
			sourceTree = "<group>";
		};
		699FC553204E053600DB09B4 /* Products */ = {
			isa = PBXGroup;
			children = (
				699FC552204E053600DB09B4 /* Dreamline.app */,
				699FC56C204E053600DB09B4 /* DreamlineTests.xctest */,
				699FC577204E053600DB09B4 /* DreamlineUITests.xctest */,
			);
			name = Products;
			sourceTree = "<group>";
		};
		699FC554204E053600DB09B4 /* Dreamline */ = {
			isa = PBXGroup;
			children = (
				69C5A835209388F80034C9E6 /* Kernel */,
				695619292098BBC000A7E822 /* Scenes */,
				69C5A8582093BB210034C9E6 /* Aesthetics */,
				693E1BAB2059A79A008DBACE /* Util */,
				699FC555204E053600DB09B4 /* AppDelegate.swift */,
				699FC55D204E053600DB09B4 /* DreamlineViewController.swift */,
				699FC564204E053600DB09B4 /* LaunchScreen.storyboard */,
				693DF52D205997E0002C4821 /* Resources */,
				699FC562204E053600DB09B4 /* Assets.xcassets */,
				699FC567204E053600DB09B4 /* Info.plist */,
				6913F851206C3600001FBAAB /* GoogleService-Info.plist */,
			);
			path = Dreamline;
			sourceTree = "<group>";
		};
		699FC56F204E053600DB09B4 /* DreamlineTests */ = {
			isa = PBXGroup;
			children = (
				69C5A846209396280034C9E6 /* MutatorTests */,
				69C5A845209396200034C9E6 /* RuleTests */,
				69C5A86B2094CB220034C9E6 /* UtilTests */,
				699FC572204E053600DB09B4 /* Info.plist */,
			);
			path = DreamlineTests;
			sourceTree = "<group>";
		};
		699FC57A204E053600DB09B4 /* DreamlineUITests */ = {
			isa = PBXGroup;
			children = (
				699FC57B204E053600DB09B4 /* DreamlineUITests.swift */,
				699FC57D204E053600DB09B4 /* Info.plist */,
			);
			path = DreamlineUITests;
			sourceTree = "<group>";
		};
		69C5A828209383220034C9E6 /* State */ = {
			isa = PBXGroup;
			children = (
				69C5A826209382AC0034C9E6 /* KernelState.swift */,
				69C5A829209383300034C9E6 /* TimeState.swift */,
				69C5A82B209383B80034C9E6 /* ChunkState.swift */,
				69C5A82D209384590034C9E6 /* BoardState.swift */,
				69C5A82F209387040034C9E6 /* PositionState.swift */,
				69C5A831209387B80034C9E6 /* FlowControlState.swift */,
				69C5A833209388110034C9E6 /* HealthState.swift */,
				695619362098E70C00A7E822 /* SettingsState.swift */,
			);
			path = State;
			sourceTree = "<group>";
		};
		69C5A835209388F80034C9E6 /* Kernel */ = {
			isa = PBXGroup;
			children = (
				6950D476209A89B500B0DFCC /* Common */,
				69C5A828209383220034C9E6 /* State */,
				69C5A83B20938A000034C9E6 /* Rules */,
				69C5A842209395EF0034C9E6 /* Mutators */,
			);
			path = Kernel;
			sourceTree = "<group>";
		};
		69C5A83B20938A000034C9E6 /* Rules */ = {
			isa = PBXGroup;
			children = (
				69C5A83E20938B7D0034C9E6 /* TimeRule.swift */,
				69C5A84920939BD00034C9E6 /* ScrollRule.swift */,
				69C5A8522093A2DD0034C9E6 /* SpawnRule.swift */,
				69C5A8772094E0820034C9E6 /* DespawnRule.swift */,
				69C5A8612094C33B0034C9E6 /* PositionRule.swift */,
				69C5A86E2094D5210034C9E6 /* CollisionRule.swift */,
				69C5A8732094DB530034C9E6 /* HealthRule.swift */,
				69C5A87D209620E60034C9E6 /* SetupRule.swift */,
			);
			path = Rules;
			sourceTree = "<group>";
		};
		69C5A842209395EF0034C9E6 /* Mutators */ = {
			isa = PBXGroup;
			children = (
				69C5A843209395FB0034C9E6 /* TimeMutator.swift */,
				69C5A84D2093A0300034C9E6 /* BoardMutator.swift */,
				69C5A8632094C7270034C9E6 /* PositionMutator.swift */,
				69C5A8752094DB5B0034C9E6 /* HealthMutator.swift */,
				69C5A8792094E2A10034C9E6 /* ChunkMutator.swift */,
				69C5A87F209621D00034C9E6 /* FlowControlMutator.swift */,
				695619392098E74100A7E822 /* SettingsMutator.swift */,
			);
			path = Mutators;
			sourceTree = "<group>";
		};
		69C5A845209396200034C9E6 /* RuleTests */ = {
			isa = PBXGroup;
			children = (
				69C5A84020938B890034C9E6 /* TimeRuleTests.swift */,
				69C5A84B20939BDB0034C9E6 /* ScrollRuleTests.swift */,
				69C5A8542093A3610034C9E6 /* SpawnRuleTests.swift */,
				69C5A85F2094C32F0034C9E6 /* PositionRuleTests.swift */,
				69C5A8712094D7170034C9E6 /* CollisionRuleTests.swift */,
			);
			path = RuleTests;
			sourceTree = "<group>";
		};
		69C5A846209396280034C9E6 /* MutatorTests */ = {
			isa = PBXGroup;
			children = (
				69C5A847209396330034C9E6 /* TimeMutatorTests.swift */,
				69C5A8502093A04E0034C9E6 /* BoardMutatorTests.swift */,
				69C5A8652094C7400034C9E6 /* PositionMutatorTests.swift */,
			);
			path = MutatorTests;
			sourceTree = "<group>";
		};
		69C5A8582093BB210034C9E6 /* Aesthetics */ = {
			isa = PBXGroup;
			children = (
				6956191F2098BAAD00A7E822 /* Shaders */,
				695619262098BAE100A7E822 /* Nodes */,
				6956192A2098C13900A7E822 /* Renderers */,
				6956192B2098C14C00A7E822 /* Util */,
			);
			path = Aesthetics;
			sourceTree = "<group>";
		};
		69C5A86B2094CB220034C9E6 /* UtilTests */ = {
			isa = PBXGroup;
			children = (
				699EB42E206DB51200693CB8 /* RandomTests.swift */,
				69C5A86C2094CB360034C9E6 /* InputTests.swift */,
			);
			path = UtilTests;
			sourceTree = "<group>";
		};
		9FEBE81FBD174B88AC4E666D /* Frameworks */ = {
			isa = PBXGroup;
			children = (
				F4631872D78D3667E10BD3DC /* Pods_Dreamline.framework */,
				7A67B3B964FC2677127726C0 /* Pods_DreamlineTests.framework */,
				E4A69E33CDBB0B27E5D56146 /* Pods_DreamlineUITests.framework */,
			);
			name = Frameworks;
			sourceTree = "<group>";
		};
		FFC50329214BDE3F7A143784 /* Pods */ = {
			isa = PBXGroup;
			children = (
				C59367BB035771B3341E436F /* Pods-Dreamline.debug.xcconfig */,
				804D32A2D16CBF0F2B4D7DD0 /* Pods-Dreamline.release.xcconfig */,
				F10CF3E515139FDDE1F65166 /* Pods-DreamlineTests.debug.xcconfig */,
				9925CC5CB8938E20D780572E /* Pods-DreamlineTests.release.xcconfig */,
				82ACAF49F1B36AB22695601F /* Pods-DreamlineUITests.debug.xcconfig */,
				849DBF44DD98469D0C933745 /* Pods-DreamlineUITests.release.xcconfig */,
			);
			name = Pods;
			sourceTree = "<group>";
		};
/* End PBXGroup section */

/* Begin PBXNativeTarget section */
		699FC551204E053600DB09B4 /* Dreamline */ = {
			isa = PBXNativeTarget;
			buildConfigurationList = 699FC580204E053600DB09B4 /* Build configuration list for PBXNativeTarget "Dreamline" */;
			buildPhases = (
				AFFCE3E13DC99C8DCAC02E52 /* [CP] Check Pods Manifest.lock */,
				699FC54E204E053600DB09B4 /* Sources */,
				699FC54F204E053600DB09B4 /* Frameworks */,
				699FC550204E053600DB09B4 /* Resources */,
				D49E20B991E1E8A795A861B8 /* [CP] Embed Pods Frameworks */,
				19CA75E8BD3498BC2E14C68F /* [CP] Copy Pods Resources */,
			);
			buildRules = (
			);
			dependencies = (
			);
			name = Dreamline;
			productName = Dreamline;
			productReference = 699FC552204E053600DB09B4 /* Dreamline.app */;
			productType = "com.apple.product-type.application";
		};
		699FC56B204E053600DB09B4 /* DreamlineTests */ = {
			isa = PBXNativeTarget;
			buildConfigurationList = 699FC583204E053600DB09B4 /* Build configuration list for PBXNativeTarget "DreamlineTests" */;
			buildPhases = (
				180824DA4E6B529D47A2757D /* [CP] Check Pods Manifest.lock */,
				699FC568204E053600DB09B4 /* Sources */,
				699FC569204E053600DB09B4 /* Frameworks */,
				699FC56A204E053600DB09B4 /* Resources */,
				75AD08EA8CDAFBD437FEB8A4 /* [CP] Embed Pods Frameworks */,
				35130501F47BB23A8187AC16 /* [CP] Copy Pods Resources */,
			);
			buildRules = (
			);
			dependencies = (
				699FC56E204E053600DB09B4 /* PBXTargetDependency */,
			);
			name = DreamlineTests;
			productName = DreamlineTests;
			productReference = 699FC56C204E053600DB09B4 /* DreamlineTests.xctest */;
			productType = "com.apple.product-type.bundle.unit-test";
		};
		699FC576204E053600DB09B4 /* DreamlineUITests */ = {
			isa = PBXNativeTarget;
			buildConfigurationList = 699FC586204E053600DB09B4 /* Build configuration list for PBXNativeTarget "DreamlineUITests" */;
			buildPhases = (
				E719DB4BF5C4DB8BF0744DA0 /* [CP] Check Pods Manifest.lock */,
				699FC573204E053600DB09B4 /* Sources */,
				699FC574204E053600DB09B4 /* Frameworks */,
				699FC575204E053600DB09B4 /* Resources */,
				B8C092AD30B039DFF88C9473 /* [CP] Embed Pods Frameworks */,
				FD763639445C128C102BF905 /* [CP] Copy Pods Resources */,
			);
			buildRules = (
			);
			dependencies = (
				699FC579204E053600DB09B4 /* PBXTargetDependency */,
			);
			name = DreamlineUITests;
			productName = DreamlineUITests;
			productReference = 699FC577204E053600DB09B4 /* DreamlineUITests.xctest */;
			productType = "com.apple.product-type.bundle.ui-testing";
		};
/* End PBXNativeTarget section */

/* Begin PBXProject section */
		699FC54A204E053600DB09B4 /* Project object */ = {
			isa = PBXProject;
			attributes = {
				LastSwiftUpdateCheck = 0920;
				LastUpgradeCheck = 0930;
				ORGANIZATIONNAME = "Team BeeDream";
				TargetAttributes = {
					699FC551204E053600DB09B4 = {
						CreatedOnToolsVersion = 9.2;
						ProvisioningStyle = Automatic;
					};
					699FC56B204E053600DB09B4 = {
						CreatedOnToolsVersion = 9.2;
						ProvisioningStyle = Automatic;
						TestTargetID = 699FC551204E053600DB09B4;
					};
					699FC576204E053600DB09B4 = {
						CreatedOnToolsVersion = 9.2;
						ProvisioningStyle = Automatic;
						TestTargetID = 699FC551204E053600DB09B4;
					};
				};
			};
			buildConfigurationList = 699FC54D204E053600DB09B4 /* Build configuration list for PBXProject "Dreamline" */;
			compatibilityVersion = "Xcode 8.0";
			developmentRegion = en;
			hasScannedForEncodings = 0;
			knownRegions = (
				en,
				Base,
			);
			mainGroup = 699FC549204E053600DB09B4;
			productRefGroup = 699FC553204E053600DB09B4 /* Products */;
			projectDirPath = "";
			projectRoot = "";
			targets = (
				699FC551204E053600DB09B4 /* Dreamline */,
				699FC56B204E053600DB09B4 /* DreamlineTests */,
				699FC576204E053600DB09B4 /* DreamlineUITests */,
			);
		};
/* End PBXProject section */

/* Begin PBXResourcesBuildPhase section */
		699FC550204E053600DB09B4 /* Resources */ = {
			isa = PBXResourcesBuildPhase;
			buildActionMask = 2147483647;
			files = (
				699FC563204E053600DB09B4 /* Assets.xcassets in Resources */,
				6913F852206C3601001FBAAB /* GoogleService-Info.plist in Resources */,
				699FC566204E053600DB09B4 /* LaunchScreen.storyboard in Resources */,
				695619232098BAB500A7E822 /* TiledTexture.fsh in Resources */,
				6950D473209A478A00B0DFCC /* CloudScroll.fsh in Resources */,
				6950D482209B6E2B00B0DFCC /* barrier_cross_v4.mp3 in Resources */,
				6950D47C209B5E1D00B0DFCC /* cloud_theme_menu_v3.mp3 in Resources */,
				695619352098E36D00A7E822 /* Dreamline_cloud_theme.mp3 in Resources */,
				6950D484209B6E4200B0DFCC /* barrier_pass_v2.mp3 in Resources */,
				6950D48C209B83AD00B0DFCC /* player_move_2_v2.mp3 in Resources */,
				6950D48A209B6F0B00B0DFCC /* threshold_cross_chunk_v2.mp3 in Resources */,
				695619222098BAB500A7E822 /* ScrollTexture.fsh in Resources */,
				6950D486209B6E9900B0DFCC /* player_move_v3.mp3 in Resources */,
				6950D488209B6EF000B0DFCC /* threshold_cross_v2.mp3 in Resources */,
			);
			runOnlyForDeploymentPostprocessing = 0;
		};
		699FC56A204E053600DB09B4 /* Resources */ = {
			isa = PBXResourcesBuildPhase;
			buildActionMask = 2147483647;
			files = (
				6913F853206C3601001FBAAB /* GoogleService-Info.plist in Resources */,
			);
			runOnlyForDeploymentPostprocessing = 0;
		};
		699FC575204E053600DB09B4 /* Resources */ = {
			isa = PBXResourcesBuildPhase;
			buildActionMask = 2147483647;
			files = (
				6913F854206C3601001FBAAB /* GoogleService-Info.plist in Resources */,
			);
			runOnlyForDeploymentPostprocessing = 0;
		};
/* End PBXResourcesBuildPhase section */

/* Begin PBXShellScriptBuildPhase section */
		180824DA4E6B529D47A2757D /* [CP] Check Pods Manifest.lock */ = {
			isa = PBXShellScriptBuildPhase;
			buildActionMask = 2147483647;
			files = (
			);
			inputPaths = (
				"${PODS_PODFILE_DIR_PATH}/Podfile.lock",
				"${PODS_ROOT}/Manifest.lock",
			);
			name = "[CP] Check Pods Manifest.lock";
			outputPaths = (
				"$(DERIVED_FILE_DIR)/Pods-DreamlineTests-checkManifestLockResult.txt",
			);
			runOnlyForDeploymentPostprocessing = 0;
			shellPath = /bin/sh;
			shellScript = "diff \"${PODS_PODFILE_DIR_PATH}/Podfile.lock\" \"${PODS_ROOT}/Manifest.lock\" > /dev/null\nif [ $? != 0 ] ; then\n    # print error to STDERR\n    echo \"error: The sandbox is not in sync with the Podfile.lock. Run 'pod install' or update your CocoaPods installation.\" >&2\n    exit 1\nfi\n# This output is used by Xcode 'outputs' to avoid re-running this script phase.\necho \"SUCCESS\" > \"${SCRIPT_OUTPUT_FILE_0}\"\n";
			showEnvVarsInLog = 0;
		};
		19CA75E8BD3498BC2E14C68F /* [CP] Copy Pods Resources */ = {
			isa = PBXShellScriptBuildPhase;
			buildActionMask = 2147483647;
			files = (
			);
			inputPaths = (
			);
			name = "[CP] Copy Pods Resources";
			outputPaths = (
			);
			runOnlyForDeploymentPostprocessing = 0;
			shellPath = /bin/sh;
			shellScript = "\"${SRCROOT}/Pods/Target Support Files/Pods-Dreamline/Pods-Dreamline-resources.sh\"\n";
			showEnvVarsInLog = 0;
		};
		35130501F47BB23A8187AC16 /* [CP] Copy Pods Resources */ = {
			isa = PBXShellScriptBuildPhase;
			buildActionMask = 2147483647;
			files = (
			);
			inputPaths = (
			);
			name = "[CP] Copy Pods Resources";
			outputPaths = (
			);
			runOnlyForDeploymentPostprocessing = 0;
			shellPath = /bin/sh;
			shellScript = "\"${SRCROOT}/Pods/Target Support Files/Pods-DreamlineTests/Pods-DreamlineTests-resources.sh\"\n";
			showEnvVarsInLog = 0;
		};
		75AD08EA8CDAFBD437FEB8A4 /* [CP] Embed Pods Frameworks */ = {
			isa = PBXShellScriptBuildPhase;
			buildActionMask = 2147483647;
			files = (
			);
			inputPaths = (
			);
			name = "[CP] Embed Pods Frameworks";
			outputPaths = (
			);
			runOnlyForDeploymentPostprocessing = 0;
			shellPath = /bin/sh;
			shellScript = "\"${SRCROOT}/Pods/Target Support Files/Pods-DreamlineTests/Pods-DreamlineTests-frameworks.sh\"\n";
			showEnvVarsInLog = 0;
		};
		AFFCE3E13DC99C8DCAC02E52 /* [CP] Check Pods Manifest.lock */ = {
			isa = PBXShellScriptBuildPhase;
			buildActionMask = 2147483647;
			files = (
			);
			inputPaths = (
				"${PODS_PODFILE_DIR_PATH}/Podfile.lock",
				"${PODS_ROOT}/Manifest.lock",
			);
			name = "[CP] Check Pods Manifest.lock";
			outputPaths = (
				"$(DERIVED_FILE_DIR)/Pods-Dreamline-checkManifestLockResult.txt",
			);
			runOnlyForDeploymentPostprocessing = 0;
			shellPath = /bin/sh;
			shellScript = "diff \"${PODS_PODFILE_DIR_PATH}/Podfile.lock\" \"${PODS_ROOT}/Manifest.lock\" > /dev/null\nif [ $? != 0 ] ; then\n    # print error to STDERR\n    echo \"error: The sandbox is not in sync with the Podfile.lock. Run 'pod install' or update your CocoaPods installation.\" >&2\n    exit 1\nfi\n# This output is used by Xcode 'outputs' to avoid re-running this script phase.\necho \"SUCCESS\" > \"${SCRIPT_OUTPUT_FILE_0}\"\n";
			showEnvVarsInLog = 0;
		};
		B8C092AD30B039DFF88C9473 /* [CP] Embed Pods Frameworks */ = {
			isa = PBXShellScriptBuildPhase;
			buildActionMask = 2147483647;
			files = (
			);
			inputPaths = (
			);
			name = "[CP] Embed Pods Frameworks";
			outputPaths = (
			);
			runOnlyForDeploymentPostprocessing = 0;
			shellPath = /bin/sh;
			shellScript = "\"${SRCROOT}/Pods/Target Support Files/Pods-DreamlineUITests/Pods-DreamlineUITests-frameworks.sh\"\n";
			showEnvVarsInLog = 0;
		};
		D49E20B991E1E8A795A861B8 /* [CP] Embed Pods Frameworks */ = {
			isa = PBXShellScriptBuildPhase;
			buildActionMask = 2147483647;
			files = (
			);
			inputPaths = (
				"${SRCROOT}/Pods/Target Support Files/Pods-Dreamline/Pods-Dreamline-frameworks.sh",
				"${BUILT_PRODUCTS_DIR}/GoogleToolboxForMac/GoogleToolboxForMac.framework",
				"${BUILT_PRODUCTS_DIR}/nanopb/nanopb.framework",
			);
			name = "[CP] Embed Pods Frameworks";
			outputPaths = (
				"${TARGET_BUILD_DIR}/${FRAMEWORKS_FOLDER_PATH}/GoogleToolboxForMac.framework",
				"${TARGET_BUILD_DIR}/${FRAMEWORKS_FOLDER_PATH}/nanopb.framework",
			);
			runOnlyForDeploymentPostprocessing = 0;
			shellPath = /bin/sh;
			shellScript = "\"${SRCROOT}/Pods/Target Support Files/Pods-Dreamline/Pods-Dreamline-frameworks.sh\"\n";
			showEnvVarsInLog = 0;
		};
		E719DB4BF5C4DB8BF0744DA0 /* [CP] Check Pods Manifest.lock */ = {
			isa = PBXShellScriptBuildPhase;
			buildActionMask = 2147483647;
			files = (
			);
			inputPaths = (
				"${PODS_PODFILE_DIR_PATH}/Podfile.lock",
				"${PODS_ROOT}/Manifest.lock",
			);
			name = "[CP] Check Pods Manifest.lock";
			outputPaths = (
				"$(DERIVED_FILE_DIR)/Pods-DreamlineUITests-checkManifestLockResult.txt",
			);
			runOnlyForDeploymentPostprocessing = 0;
			shellPath = /bin/sh;
			shellScript = "diff \"${PODS_PODFILE_DIR_PATH}/Podfile.lock\" \"${PODS_ROOT}/Manifest.lock\" > /dev/null\nif [ $? != 0 ] ; then\n    # print error to STDERR\n    echo \"error: The sandbox is not in sync with the Podfile.lock. Run 'pod install' or update your CocoaPods installation.\" >&2\n    exit 1\nfi\n# This output is used by Xcode 'outputs' to avoid re-running this script phase.\necho \"SUCCESS\" > \"${SCRIPT_OUTPUT_FILE_0}\"\n";
			showEnvVarsInLog = 0;
		};
		FD763639445C128C102BF905 /* [CP] Copy Pods Resources */ = {
			isa = PBXShellScriptBuildPhase;
			buildActionMask = 2147483647;
			files = (
			);
			inputPaths = (
			);
			name = "[CP] Copy Pods Resources";
			outputPaths = (
			);
			runOnlyForDeploymentPostprocessing = 0;
			shellPath = /bin/sh;
			shellScript = "\"${SRCROOT}/Pods/Target Support Files/Pods-DreamlineUITests/Pods-DreamlineUITests-resources.sh\"\n";
			showEnvVarsInLog = 0;
		};
/* End PBXShellScriptBuildPhase section */

/* Begin PBXSourcesBuildPhase section */
		699FC54E204E053600DB09B4 /* Sources */ = {
			isa = PBXSourcesBuildPhase;
			buildActionMask = 2147483647;
			files = (
				69C5A880209621D00034C9E6 /* FlowControlMutator.swift in Sources */,
				69C5A84A20939BD00034C9E6 /* ScrollRule.swift in Sources */,
				6956192F2098C2D000A7E822 /* PlayerNode.swift in Sources */,
				69C5A885209627AA0034C9E6 /* PauseButtonNode.swift in Sources */,
				69C5A83F20938B7D0034C9E6 /* TimeRule.swift in Sources */,
				69C5A8622094C33B0034C9E6 /* PositionRule.swift in Sources */,
				69C5A827209382AC0034C9E6 /* KernelState.swift in Sources */,
				695619332098E32400A7E822 /* AudioRenderer.swift in Sources */,
				695619282098BB0B00A7E822 /* SkyRenderer.swift in Sources */,
				69C5A85C2093BC1F0034C9E6 /* BarrierRendererDelegate.swift in Sources */,
				69C5A87C20961B770034C9E6 /* ChunkSequencer.swift in Sources */,
				69C5A88A209627BD0034C9E6 /* ButtonNode.swift in Sources */,
				69C5A830209387040034C9E6 /* PositionState.swift in Sources */,
				697FD96E207D307400403C7F /* Collision.swift in Sources */,
				6950D4662099F8D400B0DFCC /* TitleScene.swift in Sources */,
				69C5A8642094C7270034C9E6 /* PositionMutator.swift in Sources */,
				69C5A82A209383300034C9E6 /* TimeState.swift in Sources */,
				6950D490209C0EBE00B0DFCC /* Colors.swift in Sources */,
				699FC55E204E053600DB09B4 /* DreamlineViewController.swift in Sources */,
				69711D05207E7D4600B7309C /* NodeCache.swift in Sources */,
				6950D47E209B619900B0DFCC /* Highscore.swift in Sources */,
				69C5A85E2093BC230034C9E6 /* ThresholdRendererDelegate.swift in Sources */,
				69C5A8782094E0820034C9E6 /* DespawnRule.swift in Sources */,
				69C5A837209389080034C9E6 /* Kernel.swift in Sources */,
				69C5A8742094DB530034C9E6 /* HealthRule.swift in Sources */,
				69C5A87A2094E2A10034C9E6 /* ChunkMutator.swift in Sources */,
				69C5A87E209620E60034C9E6 /* SetupRule.swift in Sources */,
				69C5A88C20962AA80034C9E6 /* ResultsRenderer.swift in Sources */,
				6950D468209A0D0800B0DFCC /* HoppingLabelNode.swift in Sources */,
				69C5A82C209383B80034C9E6 /* ChunkState.swift in Sources */,
				69C5A86F2094D5210034C9E6 /* CollisionRule.swift in Sources */,
				69C5A86A2094CB1A0034C9E6 /* Input.swift in Sources */,
				69C5A8572093BA8F0034C9E6 /* GameScene.swift in Sources */,
				69C5A83D20938A920034C9E6 /* Definitions.swift in Sources */,
				699FC556204E053600DB09B4 /* AppDelegate.swift in Sources */,
				69C5A84E2093A0300034C9E6 /* BoardMutator.swift in Sources */,
				699EB42D206DAFDA00693CB8 /* Random.swift in Sources */,
				69C5A8682094C9F60034C9E6 /* PlayerRenderer.swift in Sources */,
				69C5A8762094DB5B0034C9E6 /* HealthMutator.swift in Sources */,
				69C5A82E209384590034C9E6 /* BoardState.swift in Sources */,
				69C5A844209395FB0034C9E6 /* TimeMutator.swift in Sources */,
				69C5A887209627AA0034C9E6 /* LabelButtonNode.swift in Sources */,
				69C5A85A2093BB2D0034C9E6 /* EntityRenderer.swift in Sources */,
				6956192D2098C15F00A7E822 /* Actions.swift in Sources */,
				6950D48E209B8EC000B0DFCC /* ScrollingCloudNode.swift in Sources */,
				69AB5E92204F251700093B33 /* Math.swift in Sources */,
				695619312098C49A00A7E822 /* Layout.swift in Sources */,
				6956193A2098E74100A7E822 /* SettingsMutator.swift in Sources */,
				695619372098E70C00A7E822 /* SettingsState.swift in Sources */,
				69C5A888209627AA0034C9E6 /* PauseRenderer.swift in Sources */,
				69C5A832209387B80034C9E6 /* FlowControlState.swift in Sources */,
				69C5A886209627AA0034C9E6 /* PauseMenuNode.swift in Sources */,
				6950D478209A90F800B0DFCC /* Resources.swift in Sources */,
				69C5A834209388110034C9E6 /* HealthState.swift in Sources */,
				69C5A8532093A2DD0034C9E6 /* SpawnRule.swift in Sources */,
			);
			runOnlyForDeploymentPostprocessing = 0;
		};
		699FC568204E053600DB09B4 /* Sources */ = {
			isa = PBXSourcesBuildPhase;
			buildActionMask = 2147483647;
			files = (
				69C5A8722094D7170034C9E6 /* CollisionRuleTests.swift in Sources */,
				69C5A84120938B890034C9E6 /* TimeRuleTests.swift in Sources */,
				69C5A8662094C7400034C9E6 /* PositionMutatorTests.swift in Sources */,
				69C5A8602094C32F0034C9E6 /* PositionRuleTests.swift in Sources */,
				69C5A86D2094CB360034C9E6 /* InputTests.swift in Sources */,
				69C5A848209396330034C9E6 /* TimeMutatorTests.swift in Sources */,
				69C5A84C20939BDB0034C9E6 /* ScrollRuleTests.swift in Sources */,
				69C5A8512093A04E0034C9E6 /* BoardMutatorTests.swift in Sources */,
				699EB42F206DB51200693CB8 /* RandomTests.swift in Sources */,
				69C5A8552093A3610034C9E6 /* SpawnRuleTests.swift in Sources */,
			);
			runOnlyForDeploymentPostprocessing = 0;
		};
		699FC573204E053600DB09B4 /* Sources */ = {
			isa = PBXSourcesBuildPhase;
			buildActionMask = 2147483647;
			files = (
				699FC57C204E053600DB09B4 /* DreamlineUITests.swift in Sources */,
			);
			runOnlyForDeploymentPostprocessing = 0;
		};
/* End PBXSourcesBuildPhase section */

/* Begin PBXTargetDependency section */
		699FC56E204E053600DB09B4 /* PBXTargetDependency */ = {
			isa = PBXTargetDependency;
			target = 699FC551204E053600DB09B4 /* Dreamline */;
			targetProxy = 699FC56D204E053600DB09B4 /* PBXContainerItemProxy */;
		};
		699FC579204E053600DB09B4 /* PBXTargetDependency */ = {
			isa = PBXTargetDependency;
			target = 699FC551204E053600DB09B4 /* Dreamline */;
			targetProxy = 699FC578204E053600DB09B4 /* PBXContainerItemProxy */;
		};
/* End PBXTargetDependency section */

/* Begin PBXVariantGroup section */
		699FC564204E053600DB09B4 /* LaunchScreen.storyboard */ = {
			isa = PBXVariantGroup;
			children = (
				699FC565204E053600DB09B4 /* Base */,
			);
			name = LaunchScreen.storyboard;
			sourceTree = "<group>";
		};
/* End PBXVariantGroup section */

/* Begin XCBuildConfiguration section */
		699FC57E204E053600DB09B4 /* Debug */ = {
			isa = XCBuildConfiguration;
			buildSettings = {
				ALWAYS_SEARCH_USER_PATHS = NO;
				CLANG_ANALYZER_NONNULL = YES;
				CLANG_ANALYZER_NUMBER_OBJECT_CONVERSION = YES_AGGRESSIVE;
				CLANG_CXX_LANGUAGE_STANDARD = "gnu++14";
				CLANG_CXX_LIBRARY = "libc++";
				CLANG_ENABLE_MODULES = YES;
				CLANG_ENABLE_OBJC_ARC = YES;
				CLANG_WARN_BLOCK_CAPTURE_AUTORELEASING = YES;
				CLANG_WARN_BOOL_CONVERSION = YES;
				CLANG_WARN_COMMA = YES;
				CLANG_WARN_CONSTANT_CONVERSION = YES;
				CLANG_WARN_DEPRECATED_OBJC_IMPLEMENTATIONS = YES;
				CLANG_WARN_DIRECT_OBJC_ISA_USAGE = YES_ERROR;
				CLANG_WARN_DOCUMENTATION_COMMENTS = YES;
				CLANG_WARN_EMPTY_BODY = YES;
				CLANG_WARN_ENUM_CONVERSION = YES;
				CLANG_WARN_INFINITE_RECURSION = YES;
				CLANG_WARN_INT_CONVERSION = YES;
				CLANG_WARN_NON_LITERAL_NULL_CONVERSION = YES;
				CLANG_WARN_OBJC_IMPLICIT_RETAIN_SELF = YES;
				CLANG_WARN_OBJC_LITERAL_CONVERSION = YES;
				CLANG_WARN_OBJC_ROOT_CLASS = YES_ERROR;
				CLANG_WARN_RANGE_LOOP_ANALYSIS = YES;
				CLANG_WARN_STRICT_PROTOTYPES = YES;
				CLANG_WARN_SUSPICIOUS_MOVE = YES;
				CLANG_WARN_UNGUARDED_AVAILABILITY = YES_AGGRESSIVE;
				CLANG_WARN_UNREACHABLE_CODE = YES;
				CLANG_WARN__DUPLICATE_METHOD_MATCH = YES;
				CODE_SIGN_IDENTITY = "iPhone Developer";
				COPY_PHASE_STRIP = NO;
				DEBUG_INFORMATION_FORMAT = dwarf;
				ENABLE_STRICT_OBJC_MSGSEND = YES;
				ENABLE_TESTABILITY = YES;
				GCC_C_LANGUAGE_STANDARD = gnu11;
				GCC_DYNAMIC_NO_PIC = NO;
				GCC_NO_COMMON_BLOCKS = YES;
				GCC_OPTIMIZATION_LEVEL = 0;
				GCC_PREPROCESSOR_DEFINITIONS = (
					"DEBUG=1",
					"$(inherited)",
				);
				GCC_WARN_64_TO_32_BIT_CONVERSION = YES;
				GCC_WARN_ABOUT_RETURN_TYPE = YES_ERROR;
				GCC_WARN_UNDECLARED_SELECTOR = YES;
				GCC_WARN_UNINITIALIZED_AUTOS = YES_AGGRESSIVE;
				GCC_WARN_UNUSED_FUNCTION = YES;
				GCC_WARN_UNUSED_VARIABLE = YES;
				IPHONEOS_DEPLOYMENT_TARGET = 11.2;
				MTL_ENABLE_DEBUG_INFO = YES;
				ONLY_ACTIVE_ARCH = YES;
				SDKROOT = iphoneos;
				SWIFT_ACTIVE_COMPILATION_CONDITIONS = DEBUG;
				SWIFT_OPTIMIZATION_LEVEL = "-Onone";
			};
			name = Debug;
		};
		699FC57F204E053600DB09B4 /* Release */ = {
			isa = XCBuildConfiguration;
			buildSettings = {
				ALWAYS_SEARCH_USER_PATHS = NO;
				CLANG_ANALYZER_NONNULL = YES;
				CLANG_ANALYZER_NUMBER_OBJECT_CONVERSION = YES_AGGRESSIVE;
				CLANG_CXX_LANGUAGE_STANDARD = "gnu++14";
				CLANG_CXX_LIBRARY = "libc++";
				CLANG_ENABLE_MODULES = YES;
				CLANG_ENABLE_OBJC_ARC = YES;
				CLANG_WARN_BLOCK_CAPTURE_AUTORELEASING = YES;
				CLANG_WARN_BOOL_CONVERSION = YES;
				CLANG_WARN_COMMA = YES;
				CLANG_WARN_CONSTANT_CONVERSION = YES;
				CLANG_WARN_DEPRECATED_OBJC_IMPLEMENTATIONS = YES;
				CLANG_WARN_DIRECT_OBJC_ISA_USAGE = YES_ERROR;
				CLANG_WARN_DOCUMENTATION_COMMENTS = YES;
				CLANG_WARN_EMPTY_BODY = YES;
				CLANG_WARN_ENUM_CONVERSION = YES;
				CLANG_WARN_INFINITE_RECURSION = YES;
				CLANG_WARN_INT_CONVERSION = YES;
				CLANG_WARN_NON_LITERAL_NULL_CONVERSION = YES;
				CLANG_WARN_OBJC_IMPLICIT_RETAIN_SELF = YES;
				CLANG_WARN_OBJC_LITERAL_CONVERSION = YES;
				CLANG_WARN_OBJC_ROOT_CLASS = YES_ERROR;
				CLANG_WARN_RANGE_LOOP_ANALYSIS = YES;
				CLANG_WARN_STRICT_PROTOTYPES = YES;
				CLANG_WARN_SUSPICIOUS_MOVE = YES;
				CLANG_WARN_UNGUARDED_AVAILABILITY = YES_AGGRESSIVE;
				CLANG_WARN_UNREACHABLE_CODE = YES;
				CLANG_WARN__DUPLICATE_METHOD_MATCH = YES;
				CODE_SIGN_IDENTITY = "iPhone Developer";
				COPY_PHASE_STRIP = NO;
				DEBUG_INFORMATION_FORMAT = "dwarf-with-dsym";
				ENABLE_NS_ASSERTIONS = NO;
				ENABLE_STRICT_OBJC_MSGSEND = YES;
				GCC_C_LANGUAGE_STANDARD = gnu11;
				GCC_NO_COMMON_BLOCKS = YES;
				GCC_WARN_64_TO_32_BIT_CONVERSION = YES;
				GCC_WARN_ABOUT_RETURN_TYPE = YES_ERROR;
				GCC_WARN_UNDECLARED_SELECTOR = YES;
				GCC_WARN_UNINITIALIZED_AUTOS = YES_AGGRESSIVE;
				GCC_WARN_UNUSED_FUNCTION = YES;
				GCC_WARN_UNUSED_VARIABLE = YES;
				IPHONEOS_DEPLOYMENT_TARGET = 11.2;
				MTL_ENABLE_DEBUG_INFO = NO;
				SDKROOT = iphoneos;
				SWIFT_OPTIMIZATION_LEVEL = "-Owholemodule";
				VALIDATE_PRODUCT = YES;
			};
			name = Release;
		};
		699FC581204E053600DB09B4 /* Debug */ = {
			isa = XCBuildConfiguration;
			baseConfigurationReference = C59367BB035771B3341E436F /* Pods-Dreamline.debug.xcconfig */;
			buildSettings = {
				ASSETCATALOG_COMPILER_APPICON_NAME = AppIcon;
				CODE_SIGN_STYLE = Automatic;
				DEVELOPMENT_TEAM = Z7TZH6S9GB;
				INFOPLIST_FILE = Dreamline/Info.plist;
				IPHONEOS_DEPLOYMENT_TARGET = 11.0;
				LD_RUNPATH_SEARCH_PATHS = "$(inherited) @executable_path/Frameworks";
				PRODUCT_BUNDLE_IDENTIFIER = com.teambeedream.dreamline;
				PRODUCT_NAME = "$(TARGET_NAME)";
				SWIFT_VERSION = 4.0;
				TARGETED_DEVICE_FAMILY = 1;
			};
			name = Debug;
		};
		699FC582204E053600DB09B4 /* Release */ = {
			isa = XCBuildConfiguration;
			baseConfigurationReference = 804D32A2D16CBF0F2B4D7DD0 /* Pods-Dreamline.release.xcconfig */;
			buildSettings = {
				ASSETCATALOG_COMPILER_APPICON_NAME = AppIcon;
				CODE_SIGN_STYLE = Automatic;
				DEVELOPMENT_TEAM = Z7TZH6S9GB;
				INFOPLIST_FILE = Dreamline/Info.plist;
				IPHONEOS_DEPLOYMENT_TARGET = 11.0;
				LD_RUNPATH_SEARCH_PATHS = "$(inherited) @executable_path/Frameworks";
				PRODUCT_BUNDLE_IDENTIFIER = com.teambeedream.dreamline;
				PRODUCT_NAME = "$(TARGET_NAME)";
				SWIFT_VERSION = 4.0;
				TARGETED_DEVICE_FAMILY = 1;
			};
			name = Release;
		};
		699FC584204E053600DB09B4 /* Debug */ = {
			isa = XCBuildConfiguration;
			baseConfigurationReference = F10CF3E515139FDDE1F65166 /* Pods-DreamlineTests.debug.xcconfig */;
			buildSettings = {
				ALWAYS_EMBED_SWIFT_STANDARD_LIBRARIES = YES;
				BUNDLE_LOADER = "$(TEST_HOST)";
				CODE_SIGN_STYLE = Automatic;
				DEVELOPMENT_TEAM = Z7TZH6S9GB;
				INFOPLIST_FILE = DreamlineTests/Info.plist;
				LD_RUNPATH_SEARCH_PATHS = "$(inherited) @executable_path/Frameworks @loader_path/Frameworks";
				PRODUCT_BUNDLE_IDENTIFIER = com.teambeedream.DreamlineTests;
				PRODUCT_NAME = "$(TARGET_NAME)";
				SWIFT_VERSION = 4.0;
				TARGETED_DEVICE_FAMILY = "1,2";
				TEST_HOST = "$(BUILT_PRODUCTS_DIR)/Dreamline.app/Dreamline";
			};
			name = Debug;
		};
		699FC585204E053600DB09B4 /* Release */ = {
			isa = XCBuildConfiguration;
			baseConfigurationReference = 9925CC5CB8938E20D780572E /* Pods-DreamlineTests.release.xcconfig */;
			buildSettings = {
				ALWAYS_EMBED_SWIFT_STANDARD_LIBRARIES = YES;
				BUNDLE_LOADER = "$(TEST_HOST)";
				CODE_SIGN_STYLE = Automatic;
				DEVELOPMENT_TEAM = Z7TZH6S9GB;
				INFOPLIST_FILE = DreamlineTests/Info.plist;
				LD_RUNPATH_SEARCH_PATHS = "$(inherited) @executable_path/Frameworks @loader_path/Frameworks";
				PRODUCT_BUNDLE_IDENTIFIER = com.teambeedream.DreamlineTests;
				PRODUCT_NAME = "$(TARGET_NAME)";
				SWIFT_VERSION = 4.0;
				TARGETED_DEVICE_FAMILY = "1,2";
				TEST_HOST = "$(BUILT_PRODUCTS_DIR)/Dreamline.app/Dreamline";
			};
			name = Release;
		};
		699FC587204E053600DB09B4 /* Debug */ = {
			isa = XCBuildConfiguration;
			baseConfigurationReference = 82ACAF49F1B36AB22695601F /* Pods-DreamlineUITests.debug.xcconfig */;
			buildSettings = {
				ALWAYS_EMBED_SWIFT_STANDARD_LIBRARIES = YES;
				CODE_SIGN_STYLE = Automatic;
				DEVELOPMENT_TEAM = Z7TZH6S9GB;
				INFOPLIST_FILE = DreamlineUITests/Info.plist;
				LD_RUNPATH_SEARCH_PATHS = "$(inherited) @executable_path/Frameworks @loader_path/Frameworks";
				PRODUCT_BUNDLE_IDENTIFIER = com.teambeedream.DreamlineUITests;
				PRODUCT_NAME = "$(TARGET_NAME)";
				SWIFT_VERSION = 4.0;
				TARGETED_DEVICE_FAMILY = "1,2";
				TEST_TARGET_NAME = Dreamline;
			};
			name = Debug;
		};
		699FC588204E053600DB09B4 /* Release */ = {
			isa = XCBuildConfiguration;
			baseConfigurationReference = 849DBF44DD98469D0C933745 /* Pods-DreamlineUITests.release.xcconfig */;
			buildSettings = {
				ALWAYS_EMBED_SWIFT_STANDARD_LIBRARIES = YES;
				CODE_SIGN_STYLE = Automatic;
				DEVELOPMENT_TEAM = Z7TZH6S9GB;
				INFOPLIST_FILE = DreamlineUITests/Info.plist;
				LD_RUNPATH_SEARCH_PATHS = "$(inherited) @executable_path/Frameworks @loader_path/Frameworks";
				PRODUCT_BUNDLE_IDENTIFIER = com.teambeedream.DreamlineUITests;
				PRODUCT_NAME = "$(TARGET_NAME)";
				SWIFT_VERSION = 4.0;
				TARGETED_DEVICE_FAMILY = "1,2";
				TEST_TARGET_NAME = Dreamline;
			};
			name = Release;
		};
/* End XCBuildConfiguration section */

/* Begin XCConfigurationList section */
		699FC54D204E053600DB09B4 /* Build configuration list for PBXProject "Dreamline" */ = {
			isa = XCConfigurationList;
			buildConfigurations = (
				699FC57E204E053600DB09B4 /* Debug */,
				699FC57F204E053600DB09B4 /* Release */,
			);
			defaultConfigurationIsVisible = 0;
			defaultConfigurationName = Release;
		};
		699FC580204E053600DB09B4 /* Build configuration list for PBXNativeTarget "Dreamline" */ = {
			isa = XCConfigurationList;
			buildConfigurations = (
				699FC581204E053600DB09B4 /* Debug */,
				699FC582204E053600DB09B4 /* Release */,
			);
			defaultConfigurationIsVisible = 0;
			defaultConfigurationName = Release;
		};
		699FC583204E053600DB09B4 /* Build configuration list for PBXNativeTarget "DreamlineTests" */ = {
			isa = XCConfigurationList;
			buildConfigurations = (
				699FC584204E053600DB09B4 /* Debug */,
				699FC585204E053600DB09B4 /* Release */,
			);
			defaultConfigurationIsVisible = 0;
			defaultConfigurationName = Release;
		};
		699FC586204E053600DB09B4 /* Build configuration list for PBXNativeTarget "DreamlineUITests" */ = {
			isa = XCConfigurationList;
			buildConfigurations = (
				699FC587204E053600DB09B4 /* Debug */,
				699FC588204E053600DB09B4 /* Release */,
			);
			defaultConfigurationIsVisible = 0;
			defaultConfigurationName = Release;
		};
/* End XCConfigurationList section */
	};
	rootObject = 699FC54A204E053600DB09B4 /* Project object */;
}
